// !$*UTF8*$!
{
	archiveVersion = 1;
	classes = {
	};
	objectVersion = 50;
	objects = {

/* Begin PBXBuildFile section */
		01070A2521C4FCDD002403D9 /* main.swift in Sources */ = {isa = PBXBuildFile; fileRef = 01070A2421C4FCDD002403D9 /* main.swift */; };
		01070A2A21C4FCFD002403D9 /* input.txt in CopyFiles */ = {isa = PBXBuildFile; fileRef = 01070A2921C4FCFB002403D9 /* input.txt */; };
		01070A3021C5D37C002403D9 /* example1.txt in CopyFiles */ = {isa = PBXBuildFile; fileRef = 01070A2C21C5D370002403D9 /* example1.txt */; };
		01070A3121C5D37E002403D9 /* example2.txt in CopyFiles */ = {isa = PBXBuildFile; fileRef = 01070A2D21C5D370002403D9 /* example2.txt */; };
		01070A3221C5D381002403D9 /* example3.txt in CopyFiles */ = {isa = PBXBuildFile; fileRef = 01070A2E21C5D370002403D9 /* example3.txt */; };
		01070A3321C5D383002403D9 /* example4.txt in CopyFiles */ = {isa = PBXBuildFile; fileRef = 01070A2F21C5D370002403D9 /* example4.txt */; };
		01070A3421C5D385002403D9 /* example5.txt in CopyFiles */ = {isa = PBXBuildFile; fileRef = 01070A2B21C5D370002403D9 /* example5.txt */; };
		01070A3C21C673AF002403D9 /* main.swift in Sources */ = {isa = PBXBuildFile; fileRef = 01070A3B21C673AF002403D9 /* main.swift */; };
		01070A4121C673E4002403D9 /* input.txt in CopyFiles */ = {isa = PBXBuildFile; fileRef = 01070A4021C673E2002403D9 /* input.txt */; };
		011B81A721D213FF00DB9DC1 /* main.swift in Sources */ = {isa = PBXBuildFile; fileRef = 011B81A621D213FF00DB9DC1 /* main.swift */; };
		011B81AC21D2141900DB9DC1 /* input.txt in CopyFiles */ = {isa = PBXBuildFile; fileRef = 011B81AB21D2141700DB9DC1 /* input.txt */; };
		01300D4421BED6EE007BA9C3 /* main.swift in Sources */ = {isa = PBXBuildFile; fileRef = 01300D4321BED6EE007BA9C3 /* main.swift */; };
		01300D4921BEDA30007BA9C3 /* input.txt in CopyFiles */ = {isa = PBXBuildFile; fileRef = 01300D4821BED7A9007BA9C3 /* input.txt */; };
		01300D5121BEFAF5007BA9C3 /* main.swift in Sources */ = {isa = PBXBuildFile; fileRef = 01300D5021BEFAF5007BA9C3 /* main.swift */; };
		013777BC21C0E98200A6CA4E /* main.swift in Sources */ = {isa = PBXBuildFile; fileRef = 013777BB21C0E98200A6CA4E /* main.swift */; };
		013777C121C0EA6D00A6CA4E /* input.txt in CopyFiles */ = {isa = PBXBuildFile; fileRef = 013777C021C0EA5600A6CA4E /* input.txt */; };
		013906C221C1BF2500ABCDA8 /* main.swift in Sources */ = {isa = PBXBuildFile; fileRef = 013906C121C1BF2500ABCDA8 /* main.swift */; };
		013906C721C2923500ABCDA8 /* input.txt in CopyFiles */ = {isa = PBXBuildFile; fileRef = 013906C621C2923100ABCDA8 /* input.txt */; };
		0142F3B221C315AB00E9AD38 /* main.swift in Sources */ = {isa = PBXBuildFile; fileRef = 0142F3B121C315AB00E9AD38 /* main.swift */; };
		016886A221B26DF9009C0C4B /* main.swift in Sources */ = {isa = PBXBuildFile; fileRef = 016886A121B26DF9009C0C4B /* main.swift */; };
		016886A721B276D0009C0C4B /* input.txt in CopyFiles */ = {isa = PBXBuildFile; fileRef = 016886A621B26EC8009C0C4B /* input.txt */; };
		0186193C21BA526300561CB5 /* main.swift in Sources */ = {isa = PBXBuildFile; fileRef = 0186193B21BA526300561CB5 /* main.swift */; };
		0186194121BA528400561CB5 /* input.txt in CopyFiles */ = {isa = PBXBuildFile; fileRef = 0186194021BA528400561CB5 /* input.txt */; };
		0186194921BA865D00561CB5 /* main.swift in Sources */ = {isa = PBXBuildFile; fileRef = 0186194821BA865D00561CB5 /* main.swift */; };
		0186195521BB876200561CB5 /* input.txt in CopyFiles */ = {isa = PBXBuildFile; fileRef = 0186195421BB875E00561CB5 /* input.txt */; };
		0186195D21BC62EB00561CB5 /* main.swift in Sources */ = {isa = PBXBuildFile; fileRef = 0186195C21BC62EB00561CB5 /* main.swift */; };
		0187F7D121C8E24F00B5AC05 /* main.swift in Sources */ = {isa = PBXBuildFile; fileRef = 0187F7D021C8E24F00B5AC05 /* main.swift */; };
		0187F7D621C8E26300B5AC05 /* input.txt in CopyFiles */ = {isa = PBXBuildFile; fileRef = 0187F7D521C8E26200B5AC05 /* input.txt */; };
		0187F7DE21CA226200B5AC05 /* main.swift in Sources */ = {isa = PBXBuildFile; fileRef = 0187F7DD21CA226200B5AC05 /* main.swift */; };
		0187F7E321CA228A00B5AC05 /* input.txt in CopyFiles */ = {isa = PBXBuildFile; fileRef = 0187F7E221CA228500B5AC05 /* input.txt */; };
		0187F7EF21CB12AF00B5AC05 /* main.swift in Sources */ = {isa = PBXBuildFile; fileRef = 0187F7EE21CB12AF00B5AC05 /* main.swift */; };
		0187F7F421CC342D00B5AC05 /* input.txt in CopyFiles */ = {isa = PBXBuildFile; fileRef = 0187F7F321CC342B00B5AC05 /* input.txt */; };
		0187F7FE21CD69BF00B5AC05 /* main.swift in Sources */ = {isa = PBXBuildFile; fileRef = 0187F7FD21CD69BF00B5AC05 /* main.swift */; };
		0187F80321CD69D700B5AC05 /* input.txt in CopyFiles */ = {isa = PBXBuildFile; fileRef = 0187F80221CD69D500B5AC05 /* input.txt */; };
		0187F80B21CE235200B5AC05 /* main.swift in Sources */ = {isa = PBXBuildFile; fileRef = 0187F80A21CE235200B5AC05 /* main.swift */; };
		0187F81621CF9CAD00B5AC05 /* main.swift in Sources */ = {isa = PBXBuildFile; fileRef = 0187F81521CF9CAD00B5AC05 /* main.swift */; };
		0187F81B21CF9CCD00B5AC05 /* input.txt in CopyFiles */ = {isa = PBXBuildFile; fileRef = 0187F81A21CF9CC800B5AC05 /* input.txt */; };
		018CF44C21C6F58700DCB0FD /* main.swift in Sources */ = {isa = PBXBuildFile; fileRef = 018CF44B21C6F58700DCB0FD /* main.swift */; };
		018CF45321C7944E00DCB0FD /* input.txt in CopyFiles */ = {isa = PBXBuildFile; fileRef = 018CF45221C7943900DCB0FD /* input.txt */; };
		0198491E21B7B06E0000847F /* main.swift in Sources */ = {isa = PBXBuildFile; fileRef = 0198491D21B7B06E0000847F /* main.swift */; };
		0198492321B7BD130000847F /* input.txt in CopyFiles */ = {isa = PBXBuildFile; fileRef = 0198492221B7B0910000847F /* input.txt */; };
		019EECD621B34F7C0013E504 /* main.swift in Sources */ = {isa = PBXBuildFile; fileRef = 019EECD521B34F7C0013E504 /* main.swift */; };
		019EECDB21B3DD900013E504 /* input.txt in CopyFiles */ = {isa = PBXBuildFile; fileRef = 019EECDA21B3DD7D0013E504 /* input.txt */; };
		019EECE321B51B6A0013E504 /* main.swift in Sources */ = {isa = PBXBuildFile; fileRef = 019EECE221B51B6A0013E504 /* main.swift */; };
		019EECE821B51BBA0013E504 /* input.txt in CopyFiles */ = {isa = PBXBuildFile; fileRef = 019EECE721B51BB20013E504 /* input.txt */; };
		019EECF421B578890013E504 /* main.swift in Sources */ = {isa = PBXBuildFile; fileRef = 019EECF321B578890013E504 /* main.swift */; };
		019EECF921B66C050013E504 /* input.txt in CopyFiles */ = {isa = PBXBuildFile; fileRef = 019EECF821B66B430013E504 /* input.txt */; };
		01A6000C21D16F4300EB2EDE /* main.swift in Sources */ = {isa = PBXBuildFile; fileRef = 01A6000B21D16F4300EB2EDE /* main.swift */; };
		01A6001121D16F7C00EB2EDE /* input.txt in CopyFiles */ = {isa = PBXBuildFile; fileRef = 01A6001021D16F7100EB2EDE /* input.txt */; };
		01BAFAD421B9027100205E29 /* main.swift in Sources */ = {isa = PBXBuildFile; fileRef = 01BAFAD321B9027100205E29 /* main.swift */; };
		01BAFAD921B90EC000205E29 /* input.txt in CopyFiles */ = {isa = PBXBuildFile; fileRef = 01BAFAD821B9028B00205E29 /* input.txt */; };
/* End PBXBuildFile section */

/* Begin PBXCopyFilesBuildPhase section */
		01070A2021C4FCDD002403D9 /* CopyFiles */ = {
			isa = PBXCopyFilesBuildPhase;
			buildActionMask = 12;
			dstPath = "";
			dstSubfolderSpec = 16;
			files = (
				01070A3021C5D37C002403D9 /* example1.txt in CopyFiles */,
				01070A3121C5D37E002403D9 /* example2.txt in CopyFiles */,
				01070A3221C5D381002403D9 /* example3.txt in CopyFiles */,
				01070A3321C5D383002403D9 /* example4.txt in CopyFiles */,
				01070A3421C5D385002403D9 /* example5.txt in CopyFiles */,
				01070A2A21C4FCFD002403D9 /* input.txt in CopyFiles */,
			);
			runOnlyForDeploymentPostprocessing = 0;
		};
		01070A3721C673AF002403D9 /* CopyFiles */ = {
			isa = PBXCopyFilesBuildPhase;
			buildActionMask = 12;
			dstPath = "";
			dstSubfolderSpec = 16;
			files = (
				01070A4121C673E4002403D9 /* input.txt in CopyFiles */,
			);
			runOnlyForDeploymentPostprocessing = 0;
		};
		011B81A221D213FF00DB9DC1 /* CopyFiles */ = {
			isa = PBXCopyFilesBuildPhase;
			buildActionMask = 12;
			dstPath = "";
			dstSubfolderSpec = 16;
			files = (
				011B81AC21D2141900DB9DC1 /* input.txt in CopyFiles */,
			);
			runOnlyForDeploymentPostprocessing = 0;
		};
		01300D3F21BED6ED007BA9C3 /* CopyFiles */ = {
			isa = PBXCopyFilesBuildPhase;
			buildActionMask = 12;
			dstPath = "";
			dstSubfolderSpec = 16;
			files = (
				01300D4921BEDA30007BA9C3 /* input.txt in CopyFiles */,
			);
			runOnlyForDeploymentPostprocessing = 0;
		};
		01300D4C21BEFAF5007BA9C3 /* CopyFiles */ = {
			isa = PBXCopyFilesBuildPhase;
			buildActionMask = 12;
			dstPath = "";
			dstSubfolderSpec = 16;
			files = (
			);
			runOnlyForDeploymentPostprocessing = 0;
		};
		013777B721C0E98200A6CA4E /* CopyFiles */ = {
			isa = PBXCopyFilesBuildPhase;
			buildActionMask = 12;
			dstPath = "";
			dstSubfolderSpec = 16;
			files = (
				013777C121C0EA6D00A6CA4E /* input.txt in CopyFiles */,
			);
			runOnlyForDeploymentPostprocessing = 0;
		};
		013906BD21C1BF2400ABCDA8 /* CopyFiles */ = {
			isa = PBXCopyFilesBuildPhase;
			buildActionMask = 12;
			dstPath = "";
			dstSubfolderSpec = 16;
			files = (
				013906C721C2923500ABCDA8 /* input.txt in CopyFiles */,
			);
			runOnlyForDeploymentPostprocessing = 0;
		};
		0142F3AD21C315AB00E9AD38 /* CopyFiles */ = {
			isa = PBXCopyFilesBuildPhase;
			buildActionMask = 12;
			dstPath = "";
			dstSubfolderSpec = 16;
			files = (
			);
			runOnlyForDeploymentPostprocessing = 0;
		};
		0168869D21B26DF9009C0C4B /* CopyFiles */ = {
			isa = PBXCopyFilesBuildPhase;
			buildActionMask = 12;
			dstPath = "";
			dstSubfolderSpec = 16;
			files = (
				016886A721B276D0009C0C4B /* input.txt in CopyFiles */,
			);
			runOnlyForDeploymentPostprocessing = 0;
		};
		0186193721BA526300561CB5 /* CopyFiles */ = {
			isa = PBXCopyFilesBuildPhase;
			buildActionMask = 12;
			dstPath = "";
			dstSubfolderSpec = 16;
			files = (
				0186194121BA528400561CB5 /* input.txt in CopyFiles */,
			);
			runOnlyForDeploymentPostprocessing = 0;
		};
		0186194421BA865D00561CB5 /* CopyFiles */ = {
			isa = PBXCopyFilesBuildPhase;
			buildActionMask = 12;
			dstPath = "";
			dstSubfolderSpec = 16;
			files = (
				0186195521BB876200561CB5 /* input.txt in CopyFiles */,
			);
			runOnlyForDeploymentPostprocessing = 0;
		};
		0186195821BC62EB00561CB5 /* CopyFiles */ = {
			isa = PBXCopyFilesBuildPhase;
			buildActionMask = 12;
			dstPath = "";
			dstSubfolderSpec = 16;
			files = (
			);
			runOnlyForDeploymentPostprocessing = 0;
		};
		0187F7CC21C8E24F00B5AC05 /* CopyFiles */ = {
			isa = PBXCopyFilesBuildPhase;
			buildActionMask = 12;
			dstPath = "";
			dstSubfolderSpec = 16;
			files = (
				0187F7D621C8E26300B5AC05 /* input.txt in CopyFiles */,
			);
			runOnlyForDeploymentPostprocessing = 0;
		};
		0187F7D921CA226200B5AC05 /* CopyFiles */ = {
			isa = PBXCopyFilesBuildPhase;
			buildActionMask = 12;
			dstPath = "";
			dstSubfolderSpec = 16;
			files = (
				0187F7E321CA228A00B5AC05 /* input.txt in CopyFiles */,
			);
			runOnlyForDeploymentPostprocessing = 0;
		};
		0187F7EA21CB12AF00B5AC05 /* CopyFiles */ = {
			isa = PBXCopyFilesBuildPhase;
			buildActionMask = 12;
			dstPath = "";
			dstSubfolderSpec = 16;
			files = (
				0187F7F421CC342D00B5AC05 /* input.txt in CopyFiles */,
			);
			runOnlyForDeploymentPostprocessing = 0;
		};
		0187F7F921CD69BE00B5AC05 /* CopyFiles */ = {
			isa = PBXCopyFilesBuildPhase;
			buildActionMask = 12;
			dstPath = "";
			dstSubfolderSpec = 16;
			files = (
				0187F80321CD69D700B5AC05 /* input.txt in CopyFiles */,
			);
			runOnlyForDeploymentPostprocessing = 0;
		};
		0187F80621CE235200B5AC05 /* CopyFiles */ = {
			isa = PBXCopyFilesBuildPhase;
			buildActionMask = 12;
			dstPath = "";
			dstSubfolderSpec = 16;
			files = (
			);
			runOnlyForDeploymentPostprocessing = 0;
		};
		0187F81121CF9CAC00B5AC05 /* CopyFiles */ = {
			isa = PBXCopyFilesBuildPhase;
			buildActionMask = 12;
			dstPath = "";
			dstSubfolderSpec = 16;
			files = (
				0187F81B21CF9CCD00B5AC05 /* input.txt in CopyFiles */,
			);
			runOnlyForDeploymentPostprocessing = 0;
		};
		018CF44721C6F58700DCB0FD /* CopyFiles */ = {
			isa = PBXCopyFilesBuildPhase;
			buildActionMask = 12;
			dstPath = "";
			dstSubfolderSpec = 16;
			files = (
				018CF45321C7944E00DCB0FD /* input.txt in CopyFiles */,
			);
			runOnlyForDeploymentPostprocessing = 0;
		};
		0198491921B7B06E0000847F /* CopyFiles */ = {
			isa = PBXCopyFilesBuildPhase;
			buildActionMask = 12;
			dstPath = "";
			dstSubfolderSpec = 16;
			files = (
				0198492321B7BD130000847F /* input.txt in CopyFiles */,
			);
			runOnlyForDeploymentPostprocessing = 0;
		};
		019EECD121B34F7C0013E504 /* CopyFiles */ = {
			isa = PBXCopyFilesBuildPhase;
			buildActionMask = 12;
			dstPath = "";
			dstSubfolderSpec = 16;
			files = (
				019EECDB21B3DD900013E504 /* input.txt in CopyFiles */,
			);
			runOnlyForDeploymentPostprocessing = 0;
		};
		019EECDE21B51B6A0013E504 /* CopyFiles */ = {
			isa = PBXCopyFilesBuildPhase;
			buildActionMask = 12;
			dstPath = "";
			dstSubfolderSpec = 16;
			files = (
				019EECE821B51BBA0013E504 /* input.txt in CopyFiles */,
			);
			runOnlyForDeploymentPostprocessing = 0;
		};
		019EECEF21B578890013E504 /* CopyFiles */ = {
			isa = PBXCopyFilesBuildPhase;
			buildActionMask = 12;
			dstPath = "";
			dstSubfolderSpec = 16;
			files = (
				019EECF921B66C050013E504 /* input.txt in CopyFiles */,
			);
			runOnlyForDeploymentPostprocessing = 0;
		};
		01A6000721D16F4200EB2EDE /* CopyFiles */ = {
			isa = PBXCopyFilesBuildPhase;
			buildActionMask = 12;
			dstPath = "";
			dstSubfolderSpec = 16;
			files = (
				01A6001121D16F7C00EB2EDE /* input.txt in CopyFiles */,
			);
			runOnlyForDeploymentPostprocessing = 0;
		};
		01BAFACF21B9027100205E29 /* CopyFiles */ = {
			isa = PBXCopyFilesBuildPhase;
			buildActionMask = 12;
			dstPath = "";
			dstSubfolderSpec = 16;
			files = (
				01BAFAD921B90EC000205E29 /* input.txt in CopyFiles */,
			);
			runOnlyForDeploymentPostprocessing = 0;
		};
/* End PBXCopyFilesBuildPhase section */

/* Begin PBXFileReference section */
		01070A2221C4FCDD002403D9 /* day15 */ = {isa = PBXFileReference; explicitFileType = "compiled.mach-o.executable"; includeInIndex = 0; path = day15; sourceTree = BUILT_PRODUCTS_DIR; };
		01070A2421C4FCDD002403D9 /* main.swift */ = {isa = PBXFileReference; lastKnownFileType = sourcecode.swift; path = main.swift; sourceTree = "<group>"; };
		01070A2921C4FCFB002403D9 /* input.txt */ = {isa = PBXFileReference; lastKnownFileType = text; path = input.txt; sourceTree = "<group>"; };
		01070A2B21C5D370002403D9 /* example5.txt */ = {isa = PBXFileReference; lastKnownFileType = text; path = example5.txt; sourceTree = "<group>"; };
		01070A2C21C5D370002403D9 /* example1.txt */ = {isa = PBXFileReference; lastKnownFileType = text; path = example1.txt; sourceTree = "<group>"; };
		01070A2D21C5D370002403D9 /* example2.txt */ = {isa = PBXFileReference; lastKnownFileType = text; path = example2.txt; sourceTree = "<group>"; };
		01070A2E21C5D370002403D9 /* example3.txt */ = {isa = PBXFileReference; lastKnownFileType = text; path = example3.txt; sourceTree = "<group>"; };
		01070A2F21C5D370002403D9 /* example4.txt */ = {isa = PBXFileReference; lastKnownFileType = text; path = example4.txt; sourceTree = "<group>"; };
		01070A3921C673AF002403D9 /* day16 */ = {isa = PBXFileReference; explicitFileType = "compiled.mach-o.executable"; includeInIndex = 0; path = day16; sourceTree = BUILT_PRODUCTS_DIR; };
		01070A3B21C673AF002403D9 /* main.swift */ = {isa = PBXFileReference; lastKnownFileType = sourcecode.swift; path = main.swift; sourceTree = "<group>"; };
		01070A4021C673E2002403D9 /* input.txt */ = {isa = PBXFileReference; lastKnownFileType = text; path = input.txt; sourceTree = "<group>"; };
		011B81A421D213FF00DB9DC1 /* day25 */ = {isa = PBXFileReference; explicitFileType = "compiled.mach-o.executable"; includeInIndex = 0; path = day25; sourceTree = BUILT_PRODUCTS_DIR; };
		011B81A621D213FF00DB9DC1 /* main.swift */ = {isa = PBXFileReference; lastKnownFileType = sourcecode.swift; path = main.swift; sourceTree = "<group>"; };
		011B81AB21D2141700DB9DC1 /* input.txt */ = {isa = PBXFileReference; lastKnownFileType = text; path = input.txt; sourceTree = "<group>"; };
		01300D4121BED6ED007BA9C3 /* day10 */ = {isa = PBXFileReference; explicitFileType = "compiled.mach-o.executable"; includeInIndex = 0; path = day10; sourceTree = BUILT_PRODUCTS_DIR; };
		01300D4321BED6EE007BA9C3 /* main.swift */ = {isa = PBXFileReference; lastKnownFileType = sourcecode.swift; path = main.swift; sourceTree = "<group>"; };
		01300D4821BED7A9007BA9C3 /* input.txt */ = {isa = PBXFileReference; lastKnownFileType = text; path = input.txt; sourceTree = "<group>"; };
		01300D4E21BEFAF5007BA9C3 /* day11 */ = {isa = PBXFileReference; explicitFileType = "compiled.mach-o.executable"; includeInIndex = 0; path = day11; sourceTree = BUILT_PRODUCTS_DIR; };
		01300D5021BEFAF5007BA9C3 /* main.swift */ = {isa = PBXFileReference; lastKnownFileType = sourcecode.swift; path = main.swift; sourceTree = "<group>"; };
		013777B921C0E98200A6CA4E /* day12 */ = {isa = PBXFileReference; explicitFileType = "compiled.mach-o.executable"; includeInIndex = 0; path = day12; sourceTree = BUILT_PRODUCTS_DIR; };
		013777BB21C0E98200A6CA4E /* main.swift */ = {isa = PBXFileReference; lastKnownFileType = sourcecode.swift; path = main.swift; sourceTree = "<group>"; };
		013777C021C0EA5600A6CA4E /* input.txt */ = {isa = PBXFileReference; lastKnownFileType = text; path = input.txt; sourceTree = "<group>"; };
		013906BF21C1BF2400ABCDA8 /* day13 */ = {isa = PBXFileReference; explicitFileType = "compiled.mach-o.executable"; includeInIndex = 0; path = day13; sourceTree = BUILT_PRODUCTS_DIR; };
		013906C121C1BF2500ABCDA8 /* main.swift */ = {isa = PBXFileReference; lastKnownFileType = sourcecode.swift; path = main.swift; sourceTree = "<group>"; };
		013906C621C2923100ABCDA8 /* input.txt */ = {isa = PBXFileReference; lastKnownFileType = text; path = input.txt; sourceTree = "<group>"; };
		0142F3AF21C315AB00E9AD38 /* day14 */ = {isa = PBXFileReference; explicitFileType = "compiled.mach-o.executable"; includeInIndex = 0; path = day14; sourceTree = BUILT_PRODUCTS_DIR; };
		0142F3B121C315AB00E9AD38 /* main.swift */ = {isa = PBXFileReference; lastKnownFileType = sourcecode.swift; path = main.swift; sourceTree = "<group>"; };
		0168869F21B26DF9009C0C4B /* day01 */ = {isa = PBXFileReference; explicitFileType = "compiled.mach-o.executable"; includeInIndex = 0; path = day01; sourceTree = BUILT_PRODUCTS_DIR; };
		016886A121B26DF9009C0C4B /* main.swift */ = {isa = PBXFileReference; lastKnownFileType = sourcecode.swift; path = main.swift; sourceTree = "<group>"; };
		016886A621B26EC8009C0C4B /* input.txt */ = {isa = PBXFileReference; lastKnownFileType = text; path = input.txt; sourceTree = "<group>"; };
		0186193921BA526300561CB5 /* day07 */ = {isa = PBXFileReference; explicitFileType = "compiled.mach-o.executable"; includeInIndex = 0; path = day07; sourceTree = BUILT_PRODUCTS_DIR; };
		0186193B21BA526300561CB5 /* main.swift */ = {isa = PBXFileReference; lastKnownFileType = sourcecode.swift; path = main.swift; sourceTree = "<group>"; };
		0186194021BA528400561CB5 /* input.txt */ = {isa = PBXFileReference; lastKnownFileType = text; path = input.txt; sourceTree = "<group>"; };
		0186194621BA865D00561CB5 /* day08 */ = {isa = PBXFileReference; explicitFileType = "compiled.mach-o.executable"; includeInIndex = 0; path = day08; sourceTree = BUILT_PRODUCTS_DIR; };
		0186194821BA865D00561CB5 /* main.swift */ = {isa = PBXFileReference; lastKnownFileType = sourcecode.swift; path = main.swift; sourceTree = "<group>"; };
		0186195421BB875E00561CB5 /* input.txt */ = {isa = PBXFileReference; lastKnownFileType = text; path = input.txt; sourceTree = "<group>"; };
		0186195A21BC62EB00561CB5 /* day09 */ = {isa = PBXFileReference; explicitFileType = "compiled.mach-o.executable"; includeInIndex = 0; path = day09; sourceTree = BUILT_PRODUCTS_DIR; };
		0186195C21BC62EB00561CB5 /* main.swift */ = {isa = PBXFileReference; lastKnownFileType = sourcecode.swift; path = main.swift; sourceTree = "<group>"; };
		0187F7CE21C8E24F00B5AC05 /* day18 */ = {isa = PBXFileReference; explicitFileType = "compiled.mach-o.executable"; includeInIndex = 0; path = day18; sourceTree = BUILT_PRODUCTS_DIR; };
		0187F7D021C8E24F00B5AC05 /* main.swift */ = {isa = PBXFileReference; lastKnownFileType = sourcecode.swift; path = main.swift; sourceTree = "<group>"; };
		0187F7D521C8E26200B5AC05 /* input.txt */ = {isa = PBXFileReference; lastKnownFileType = text; path = input.txt; sourceTree = "<group>"; };
		0187F7DB21CA226200B5AC05 /* day19 */ = {isa = PBXFileReference; explicitFileType = "compiled.mach-o.executable"; includeInIndex = 0; path = day19; sourceTree = BUILT_PRODUCTS_DIR; };
		0187F7DD21CA226200B5AC05 /* main.swift */ = {isa = PBXFileReference; lastKnownFileType = sourcecode.swift; path = main.swift; sourceTree = "<group>"; };
		0187F7E221CA228500B5AC05 /* input.txt */ = {isa = PBXFileReference; lastKnownFileType = text; path = input.txt; sourceTree = "<group>"; };
		0187F7EC21CB12AF00B5AC05 /* day20 */ = {isa = PBXFileReference; explicitFileType = "compiled.mach-o.executable"; includeInIndex = 0; path = day20; sourceTree = BUILT_PRODUCTS_DIR; };
		0187F7EE21CB12AF00B5AC05 /* main.swift */ = {isa = PBXFileReference; lastKnownFileType = sourcecode.swift; path = main.swift; sourceTree = "<group>"; };
		0187F7F321CC342B00B5AC05 /* input.txt */ = {isa = PBXFileReference; lastKnownFileType = text; path = input.txt; sourceTree = "<group>"; };
		0187F7FB21CD69BE00B5AC05 /* day21 */ = {isa = PBXFileReference; explicitFileType = "compiled.mach-o.executable"; includeInIndex = 0; path = day21; sourceTree = BUILT_PRODUCTS_DIR; };
		0187F7FD21CD69BF00B5AC05 /* main.swift */ = {isa = PBXFileReference; lastKnownFileType = sourcecode.swift; path = main.swift; sourceTree = "<group>"; };
		0187F80221CD69D500B5AC05 /* input.txt */ = {isa = PBXFileReference; lastKnownFileType = text; path = input.txt; sourceTree = "<group>"; };
		0187F80821CE235200B5AC05 /* day22 */ = {isa = PBXFileReference; explicitFileType = "compiled.mach-o.executable"; includeInIndex = 0; path = day22; sourceTree = BUILT_PRODUCTS_DIR; };
		0187F80A21CE235200B5AC05 /* main.swift */ = {isa = PBXFileReference; lastKnownFileType = sourcecode.swift; path = main.swift; sourceTree = "<group>"; };
		0187F81321CF9CAC00B5AC05 /* day23 */ = {isa = PBXFileReference; explicitFileType = "compiled.mach-o.executable"; includeInIndex = 0; path = day23; sourceTree = BUILT_PRODUCTS_DIR; };
		0187F81521CF9CAD00B5AC05 /* main.swift */ = {isa = PBXFileReference; lastKnownFileType = sourcecode.swift; path = main.swift; sourceTree = "<group>"; };
		0187F81A21CF9CC800B5AC05 /* input.txt */ = {isa = PBXFileReference; lastKnownFileType = text; path = input.txt; sourceTree = "<group>"; };
		018CF44921C6F58700DCB0FD /* day17 */ = {isa = PBXFileReference; explicitFileType = "compiled.mach-o.executable"; includeInIndex = 0; path = day17; sourceTree = BUILT_PRODUCTS_DIR; };
		018CF44B21C6F58700DCB0FD /* main.swift */ = {isa = PBXFileReference; lastKnownFileType = sourcecode.swift; path = main.swift; sourceTree = "<group>"; };
		018CF45221C7943900DCB0FD /* input.txt */ = {isa = PBXFileReference; lastKnownFileType = text; path = input.txt; sourceTree = "<group>"; };
		0198491B21B7B06E0000847F /* day05 */ = {isa = PBXFileReference; explicitFileType = "compiled.mach-o.executable"; includeInIndex = 0; path = day05; sourceTree = BUILT_PRODUCTS_DIR; };
		0198491D21B7B06E0000847F /* main.swift */ = {isa = PBXFileReference; lastKnownFileType = sourcecode.swift; path = main.swift; sourceTree = "<group>"; };
		0198492221B7B0910000847F /* input.txt */ = {isa = PBXFileReference; lastKnownFileType = text; path = input.txt; sourceTree = "<group>"; };
		019EECD321B34F7C0013E504 /* day02 */ = {isa = PBXFileReference; explicitFileType = "compiled.mach-o.executable"; includeInIndex = 0; path = day02; sourceTree = BUILT_PRODUCTS_DIR; };
		019EECD521B34F7C0013E504 /* main.swift */ = {isa = PBXFileReference; lastKnownFileType = sourcecode.swift; path = main.swift; sourceTree = "<group>"; };
		019EECDA21B3DD7D0013E504 /* input.txt */ = {isa = PBXFileReference; fileEncoding = 4; lastKnownFileType = text; path = input.txt; sourceTree = "<group>"; };
		019EECE021B51B6A0013E504 /* day03 */ = {isa = PBXFileReference; explicitFileType = "compiled.mach-o.executable"; includeInIndex = 0; path = day03; sourceTree = BUILT_PRODUCTS_DIR; };
		019EECE221B51B6A0013E504 /* main.swift */ = {isa = PBXFileReference; lastKnownFileType = sourcecode.swift; path = main.swift; sourceTree = "<group>"; };
		019EECE721B51BB20013E504 /* input.txt */ = {isa = PBXFileReference; lastKnownFileType = text; path = input.txt; sourceTree = "<group>"; };
		019EECF121B578890013E504 /* day04 */ = {isa = PBXFileReference; explicitFileType = "compiled.mach-o.executable"; includeInIndex = 0; path = day04; sourceTree = BUILT_PRODUCTS_DIR; };
		019EECF321B578890013E504 /* main.swift */ = {isa = PBXFileReference; lastKnownFileType = sourcecode.swift; path = main.swift; sourceTree = "<group>"; };
		019EECF821B66B430013E504 /* input.txt */ = {isa = PBXFileReference; lastKnownFileType = text; path = input.txt; sourceTree = "<group>"; };
		01A6000921D16F4200EB2EDE /* day24 */ = {isa = PBXFileReference; explicitFileType = "compiled.mach-o.executable"; includeInIndex = 0; path = day24; sourceTree = BUILT_PRODUCTS_DIR; };
		01A6000B21D16F4300EB2EDE /* main.swift */ = {isa = PBXFileReference; lastKnownFileType = sourcecode.swift; path = main.swift; sourceTree = "<group>"; };
		01A6001021D16F7100EB2EDE /* input.txt */ = {isa = PBXFileReference; lastKnownFileType = text; path = input.txt; sourceTree = "<group>"; };
		01BAFAD121B9027100205E29 /* day06 */ = {isa = PBXFileReference; explicitFileType = "compiled.mach-o.executable"; includeInIndex = 0; path = day06; sourceTree = BUILT_PRODUCTS_DIR; };
		01BAFAD321B9027100205E29 /* main.swift */ = {isa = PBXFileReference; lastKnownFileType = sourcecode.swift; path = main.swift; sourceTree = "<group>"; };
		01BAFAD821B9028B00205E29 /* input.txt */ = {isa = PBXFileReference; lastKnownFileType = text; path = input.txt; sourceTree = "<group>"; };
/* End PBXFileReference section */

/* Begin PBXFrameworksBuildPhase section */
		01070A1F21C4FCDD002403D9 /* Frameworks */ = {
			isa = PBXFrameworksBuildPhase;
			buildActionMask = 2147483647;
			files = (
			);
			runOnlyForDeploymentPostprocessing = 0;
		};
		01070A3621C673AF002403D9 /* Frameworks */ = {
			isa = PBXFrameworksBuildPhase;
			buildActionMask = 2147483647;
			files = (
			);
			runOnlyForDeploymentPostprocessing = 0;
		};
		011B81A121D213FF00DB9DC1 /* Frameworks */ = {
			isa = PBXFrameworksBuildPhase;
			buildActionMask = 2147483647;
			files = (
			);
			runOnlyForDeploymentPostprocessing = 0;
		};
		01300D3E21BED6ED007BA9C3 /* Frameworks */ = {
			isa = PBXFrameworksBuildPhase;
			buildActionMask = 2147483647;
			files = (
			);
			runOnlyForDeploymentPostprocessing = 0;
		};
		01300D4B21BEFAF5007BA9C3 /* Frameworks */ = {
			isa = PBXFrameworksBuildPhase;
			buildActionMask = 2147483647;
			files = (
			);
			runOnlyForDeploymentPostprocessing = 0;
		};
		013777B621C0E98200A6CA4E /* Frameworks */ = {
			isa = PBXFrameworksBuildPhase;
			buildActionMask = 2147483647;
			files = (
			);
			runOnlyForDeploymentPostprocessing = 0;
		};
		013906BC21C1BF2400ABCDA8 /* Frameworks */ = {
			isa = PBXFrameworksBuildPhase;
			buildActionMask = 2147483647;
			files = (
			);
			runOnlyForDeploymentPostprocessing = 0;
		};
		0142F3AC21C315AB00E9AD38 /* Frameworks */ = {
			isa = PBXFrameworksBuildPhase;
			buildActionMask = 2147483647;
			files = (
			);
			runOnlyForDeploymentPostprocessing = 0;
		};
		0168869C21B26DF9009C0C4B /* Frameworks */ = {
			isa = PBXFrameworksBuildPhase;
			buildActionMask = 2147483647;
			files = (
			);
			runOnlyForDeploymentPostprocessing = 0;
		};
		0186193621BA526300561CB5 /* Frameworks */ = {
			isa = PBXFrameworksBuildPhase;
			buildActionMask = 2147483647;
			files = (
			);
			runOnlyForDeploymentPostprocessing = 0;
		};
		0186194321BA865D00561CB5 /* Frameworks */ = {
			isa = PBXFrameworksBuildPhase;
			buildActionMask = 2147483647;
			files = (
			);
			runOnlyForDeploymentPostprocessing = 0;
		};
		0186195721BC62EB00561CB5 /* Frameworks */ = {
			isa = PBXFrameworksBuildPhase;
			buildActionMask = 2147483647;
			files = (
			);
			runOnlyForDeploymentPostprocessing = 0;
		};
		0187F7CB21C8E24F00B5AC05 /* Frameworks */ = {
			isa = PBXFrameworksBuildPhase;
			buildActionMask = 2147483647;
			files = (
			);
			runOnlyForDeploymentPostprocessing = 0;
		};
		0187F7D821CA226200B5AC05 /* Frameworks */ = {
			isa = PBXFrameworksBuildPhase;
			buildActionMask = 2147483647;
			files = (
			);
			runOnlyForDeploymentPostprocessing = 0;
		};
		0187F7E921CB12AF00B5AC05 /* Frameworks */ = {
			isa = PBXFrameworksBuildPhase;
			buildActionMask = 2147483647;
			files = (
			);
			runOnlyForDeploymentPostprocessing = 0;
		};
		0187F7F821CD69BE00B5AC05 /* Frameworks */ = {
			isa = PBXFrameworksBuildPhase;
			buildActionMask = 2147483647;
			files = (
			);
			runOnlyForDeploymentPostprocessing = 0;
		};
		0187F80521CE235200B5AC05 /* Frameworks */ = {
			isa = PBXFrameworksBuildPhase;
			buildActionMask = 2147483647;
			files = (
			);
			runOnlyForDeploymentPostprocessing = 0;
		};
		0187F81021CF9CAC00B5AC05 /* Frameworks */ = {
			isa = PBXFrameworksBuildPhase;
			buildActionMask = 2147483647;
			files = (
			);
			runOnlyForDeploymentPostprocessing = 0;
		};
		018CF44621C6F58700DCB0FD /* Frameworks */ = {
			isa = PBXFrameworksBuildPhase;
			buildActionMask = 2147483647;
			files = (
			);
			runOnlyForDeploymentPostprocessing = 0;
		};
		0198491821B7B06E0000847F /* Frameworks */ = {
			isa = PBXFrameworksBuildPhase;
			buildActionMask = 2147483647;
			files = (
			);
			runOnlyForDeploymentPostprocessing = 0;
		};
		019EECD021B34F7C0013E504 /* Frameworks */ = {
			isa = PBXFrameworksBuildPhase;
			buildActionMask = 2147483647;
			files = (
			);
			runOnlyForDeploymentPostprocessing = 0;
		};
		019EECDD21B51B6A0013E504 /* Frameworks */ = {
			isa = PBXFrameworksBuildPhase;
			buildActionMask = 2147483647;
			files = (
			);
			runOnlyForDeploymentPostprocessing = 0;
		};
		019EECEE21B578890013E504 /* Frameworks */ = {
			isa = PBXFrameworksBuildPhase;
			buildActionMask = 2147483647;
			files = (
			);
			runOnlyForDeploymentPostprocessing = 0;
		};
		01A6000621D16F4200EB2EDE /* Frameworks */ = {
			isa = PBXFrameworksBuildPhase;
			buildActionMask = 2147483647;
			files = (
			);
			runOnlyForDeploymentPostprocessing = 0;
		};
		01BAFACE21B9027100205E29 /* Frameworks */ = {
			isa = PBXFrameworksBuildPhase;
			buildActionMask = 2147483647;
			files = (
			);
			runOnlyForDeploymentPostprocessing = 0;
		};
/* End PBXFrameworksBuildPhase section */

/* Begin PBXGroup section */
		01070A2321C4FCDD002403D9 /* day-15-beverage-bandits */ = {
			isa = PBXGroup;
			children = (
				01070A2C21C5D370002403D9 /* example1.txt */,
				01070A2D21C5D370002403D9 /* example2.txt */,
				01070A2E21C5D370002403D9 /* example3.txt */,
				01070A2F21C5D370002403D9 /* example4.txt */,
				01070A2B21C5D370002403D9 /* example5.txt */,
				01070A2921C4FCFB002403D9 /* input.txt */,
				01070A2421C4FCDD002403D9 /* main.swift */,
			);
			path = "day-15-beverage-bandits";
			sourceTree = "<group>";
		};
		01070A3A21C673AF002403D9 /* day-16-chronal-classification */ = {
			isa = PBXGroup;
			children = (
				01070A4021C673E2002403D9 /* input.txt */,
				01070A3B21C673AF002403D9 /* main.swift */,
			);
			path = "day-16-chronal-classification";
			sourceTree = "<group>";
		};
		011B81A521D213FF00DB9DC1 /* day-25-four-dimensional-adventure */ = {
			isa = PBXGroup;
			children = (
				011B81AB21D2141700DB9DC1 /* input.txt */,
				011B81A621D213FF00DB9DC1 /* main.swift */,
			);
			path = "day-25-four-dimensional-adventure";
			sourceTree = "<group>";
		};
		01300D4221BED6EE007BA9C3 /* day-10-the-stars-align */ = {
			isa = PBXGroup;
			children = (
				01300D4821BED7A9007BA9C3 /* input.txt */,
				01300D4321BED6EE007BA9C3 /* main.swift */,
			);
			path = "day-10-the-stars-align";
			sourceTree = "<group>";
		};
		01300D4F21BEFAF5007BA9C3 /* day-11-chronal-charge */ = {
			isa = PBXGroup;
			children = (
				01300D5021BEFAF5007BA9C3 /* main.swift */,
			);
			path = "day-11-chronal-charge";
			sourceTree = "<group>";
		};
		013777BA21C0E98200A6CA4E /* day-12-subterranean-sustainability */ = {
			isa = PBXGroup;
			children = (
				013777C021C0EA5600A6CA4E /* input.txt */,
				013777BB21C0E98200A6CA4E /* main.swift */,
			);
			path = "day-12-subterranean-sustainability";
			sourceTree = "<group>";
		};
		013906C021C1BF2500ABCDA8 /* day-13-mine-cart-madness */ = {
			isa = PBXGroup;
			children = (
				013906C621C2923100ABCDA8 /* input.txt */,
				013906C121C1BF2500ABCDA8 /* main.swift */,
			);
			path = "day-13-mine-cart-madness";
			sourceTree = "<group>";
		};
		0142F3B021C315AB00E9AD38 /* day-14-chocolate-charts */ = {
			isa = PBXGroup;
			children = (
				0142F3B121C315AB00E9AD38 /* main.swift */,
			);
			path = "day-14-chocolate-charts";
			sourceTree = "<group>";
		};
		0168868821B26DD5009C0C4B = {
			isa = PBXGroup;
			children = (
				016886A021B26DF9009C0C4B /* day-01-chronal-calibration */,
				019EECD421B34F7C0013E504 /* day-02-Inventory-management-system */,
				019EECE121B51B6A0013E504 /* day-03-no-matter-how-you-slice-it */,
				019EECF221B578890013E504 /* day-04-repose-record */,
				0198491C21B7B06E0000847F /* day-05-alchemical-reduction */,
				01BAFAD221B9027100205E29 /* day-06-chronal-coordinates */,
				0186193A21BA526300561CB5 /* day-07-the-sum-of-its-parts */,
				0186194721BA865D00561CB5 /* day-08-memory-maneuver */,
				0186195B21BC62EB00561CB5 /* day-09-marble-mania */,
				01300D4221BED6EE007BA9C3 /* day-10-the-stars-align */,
				01300D4F21BEFAF5007BA9C3 /* day-11-chronal-charge */,
				013777BA21C0E98200A6CA4E /* day-12-subterranean-sustainability */,
				013906C021C1BF2500ABCDA8 /* day-13-mine-cart-madness */,
				0142F3B021C315AB00E9AD38 /* day-14-chocolate-charts */,
				01070A2321C4FCDD002403D9 /* day-15-beverage-bandits */,
				01070A3A21C673AF002403D9 /* day-16-chronal-classification */,
				018CF44A21C6F58700DCB0FD /* day-17-reservoir-research */,
				0187F7CF21C8E24F00B5AC05 /* day-18-settlers-of-the-north-pole */,
				0187F7DC21CA226200B5AC05 /* day-19-go-with-the-flow */,
				0187F7ED21CB12AF00B5AC05 /* day-20-a-regular-map */,
				0187F7FC21CD69BF00B5AC05 /* day-21-chronal-conversion */,
				0187F80921CE235200B5AC05 /* day-22-mode-maze */,
				0187F81421CF9CAD00B5AC05 /* day-23-experimental-emergency-teleportation */,
				01A6000A21D16F4300EB2EDE /* day-24-immune-system-simulator-20xx */,
				011B81A521D213FF00DB9DC1 /* day-25-four-dimensional-adventure */,
				0168869221B26DD5009C0C4B /* Products */,
			);
			sourceTree = "<group>";
		};
		0168869221B26DD5009C0C4B /* Products */ = {
			isa = PBXGroup;
			children = (
				0168869F21B26DF9009C0C4B /* day01 */,
				019EECD321B34F7C0013E504 /* day02 */,
				019EECE021B51B6A0013E504 /* day03 */,
				019EECF121B578890013E504 /* day04 */,
				0198491B21B7B06E0000847F /* day05 */,
				01BAFAD121B9027100205E29 /* day06 */,
				0186193921BA526300561CB5 /* day07 */,
				0186194621BA865D00561CB5 /* day08 */,
				0186195A21BC62EB00561CB5 /* day09 */,
				01300D4121BED6ED007BA9C3 /* day10 */,
				01300D4E21BEFAF5007BA9C3 /* day11 */,
				013777B921C0E98200A6CA4E /* day12 */,
				013906BF21C1BF2400ABCDA8 /* day13 */,
				0142F3AF21C315AB00E9AD38 /* day14 */,
				01070A2221C4FCDD002403D9 /* day15 */,
				01070A3921C673AF002403D9 /* day16 */,
				018CF44921C6F58700DCB0FD /* day17 */,
				0187F7CE21C8E24F00B5AC05 /* day18 */,
				0187F7DB21CA226200B5AC05 /* day19 */,
				0187F7EC21CB12AF00B5AC05 /* day20 */,
				0187F7FB21CD69BE00B5AC05 /* day21 */,
				0187F80821CE235200B5AC05 /* day22 */,
				0187F81321CF9CAC00B5AC05 /* day23 */,
				01A6000921D16F4200EB2EDE /* day24 */,
				011B81A421D213FF00DB9DC1 /* day25 */,
			);
			name = Products;
			sourceTree = "<group>";
		};
		016886A021B26DF9009C0C4B /* day-01-chronal-calibration */ = {
			isa = PBXGroup;
			children = (
				016886A621B26EC8009C0C4B /* input.txt */,
				016886A121B26DF9009C0C4B /* main.swift */,
			);
			path = "day-01-chronal-calibration";
			sourceTree = "<group>";
		};
		0186193A21BA526300561CB5 /* day-07-the-sum-of-its-parts */ = {
			isa = PBXGroup;
			children = (
				0186194021BA528400561CB5 /* input.txt */,
				0186193B21BA526300561CB5 /* main.swift */,
			);
			path = "day-07-the-sum-of-its-parts";
			sourceTree = "<group>";
		};
		0186194721BA865D00561CB5 /* day-08-memory-maneuver */ = {
			isa = PBXGroup;
			children = (
				0186195421BB875E00561CB5 /* input.txt */,
				0186194821BA865D00561CB5 /* main.swift */,
			);
			path = "day-08-memory-maneuver";
			sourceTree = "<group>";
		};
		0186195B21BC62EB00561CB5 /* day-09-marble-mania */ = {
			isa = PBXGroup;
			children = (
				0186195C21BC62EB00561CB5 /* main.swift */,
			);
			path = "day-09-marble-mania";
			sourceTree = "<group>";
		};
		0187F7CF21C8E24F00B5AC05 /* day-18-settlers-of-the-north-pole */ = {
			isa = PBXGroup;
			children = (
				0187F7D521C8E26200B5AC05 /* input.txt */,
				0187F7D021C8E24F00B5AC05 /* main.swift */,
			);
			path = "day-18-settlers-of-the-north-pole";
			sourceTree = "<group>";
		};
		0187F7DC21CA226200B5AC05 /* day-19-go-with-the-flow */ = {
			isa = PBXGroup;
			children = (
				0187F7E221CA228500B5AC05 /* input.txt */,
				0187F7DD21CA226200B5AC05 /* main.swift */,
			);
			path = "day-19-go-with-the-flow";
			sourceTree = "<group>";
		};
		0187F7ED21CB12AF00B5AC05 /* day-20-a-regular-map */ = {
			isa = PBXGroup;
			children = (
				0187F7F321CC342B00B5AC05 /* input.txt */,
				0187F7EE21CB12AF00B5AC05 /* main.swift */,
			);
			path = "day-20-a-regular-map";
			sourceTree = "<group>";
		};
		0187F7FC21CD69BF00B5AC05 /* day-21-chronal-conversion */ = {
			isa = PBXGroup;
			children = (
				0187F80221CD69D500B5AC05 /* input.txt */,
				0187F7FD21CD69BF00B5AC05 /* main.swift */,
			);
			path = "day-21-chronal-conversion";
			sourceTree = "<group>";
		};
		0187F80921CE235200B5AC05 /* day-22-mode-maze */ = {
			isa = PBXGroup;
			children = (
				0187F80A21CE235200B5AC05 /* main.swift */,
			);
			path = "day-22-mode-maze";
			sourceTree = "<group>";
		};
		0187F81421CF9CAD00B5AC05 /* day-23-experimental-emergency-teleportation */ = {
			isa = PBXGroup;
			children = (
				0187F81A21CF9CC800B5AC05 /* input.txt */,
				0187F81521CF9CAD00B5AC05 /* main.swift */,
			);
			path = "day-23-experimental-emergency-teleportation";
			sourceTree = "<group>";
		};
		018CF44A21C6F58700DCB0FD /* day-17-reservoir-research */ = {
			isa = PBXGroup;
			children = (
				018CF45221C7943900DCB0FD /* input.txt */,
				018CF44B21C6F58700DCB0FD /* main.swift */,
			);
			path = "day-17-reservoir-research";
			sourceTree = "<group>";
		};
		0198491C21B7B06E0000847F /* day-05-alchemical-reduction */ = {
			isa = PBXGroup;
			children = (
				0198492221B7B0910000847F /* input.txt */,
				0198491D21B7B06E0000847F /* main.swift */,
			);
			path = "day-05-alchemical-reduction";
			sourceTree = "<group>";
		};
		019EECD421B34F7C0013E504 /* day-02-Inventory-management-system */ = {
			isa = PBXGroup;
			children = (
				019EECDA21B3DD7D0013E504 /* input.txt */,
				019EECD521B34F7C0013E504 /* main.swift */,
			);
			path = "day-02-Inventory-management-system";
			sourceTree = "<group>";
		};
		019EECE121B51B6A0013E504 /* day-03-no-matter-how-you-slice-it */ = {
			isa = PBXGroup;
			children = (
				019EECE721B51BB20013E504 /* input.txt */,
				019EECE221B51B6A0013E504 /* main.swift */,
			);
			path = "day-03-no-matter-how-you-slice-it";
			sourceTree = "<group>";
		};
		019EECF221B578890013E504 /* day-04-repose-record */ = {
			isa = PBXGroup;
			children = (
				019EECF821B66B430013E504 /* input.txt */,
				019EECF321B578890013E504 /* main.swift */,
			);
			path = "day-04-repose-record";
			sourceTree = "<group>";
		};
		01A6000A21D16F4300EB2EDE /* day-24-immune-system-simulator-20xx */ = {
			isa = PBXGroup;
			children = (
				01A6001021D16F7100EB2EDE /* input.txt */,
				01A6000B21D16F4300EB2EDE /* main.swift */,
			);
			path = "day-24-immune-system-simulator-20xx";
			sourceTree = "<group>";
		};
		01BAFAD221B9027100205E29 /* day-06-chronal-coordinates */ = {
			isa = PBXGroup;
			children = (
				01BAFAD821B9028B00205E29 /* input.txt */,
				01BAFAD321B9027100205E29 /* main.swift */,
			);
			path = "day-06-chronal-coordinates";
			sourceTree = "<group>";
		};
/* End PBXGroup section */

/* Begin PBXNativeTarget section */
		01070A2121C4FCDD002403D9 /* day15 */ = {
			isa = PBXNativeTarget;
			buildConfigurationList = 01070A2821C4FCDD002403D9 /* Build configuration list for PBXNativeTarget "day15" */;
			buildPhases = (
				01070A1E21C4FCDD002403D9 /* Sources */,
				01070A1F21C4FCDD002403D9 /* Frameworks */,
				01070A2021C4FCDD002403D9 /* CopyFiles */,
			);
			buildRules = (
			);
			dependencies = (
			);
			name = day15;
			productName = day15;
			productReference = 01070A2221C4FCDD002403D9 /* day15 */;
			productType = "com.apple.product-type.tool";
		};
		01070A3821C673AF002403D9 /* day16 */ = {
			isa = PBXNativeTarget;
			buildConfigurationList = 01070A3D21C673AF002403D9 /* Build configuration list for PBXNativeTarget "day16" */;
			buildPhases = (
				01070A3521C673AF002403D9 /* Sources */,
				01070A3621C673AF002403D9 /* Frameworks */,
				01070A3721C673AF002403D9 /* CopyFiles */,
			);
			buildRules = (
			);
			dependencies = (
			);
			name = day16;
			productName = day16;
			productReference = 01070A3921C673AF002403D9 /* day16 */;
			productType = "com.apple.product-type.tool";
		};
		011B81A321D213FF00DB9DC1 /* day25 */ = {
			isa = PBXNativeTarget;
			buildConfigurationList = 011B81AA21D213FF00DB9DC1 /* Build configuration list for PBXNativeTarget "day25" */;
			buildPhases = (
				011B81A021D213FF00DB9DC1 /* Sources */,
				011B81A121D213FF00DB9DC1 /* Frameworks */,
				011B81A221D213FF00DB9DC1 /* CopyFiles */,
			);
			buildRules = (
			);
			dependencies = (
			);
			name = day25;
			productName = day25;
			productReference = 011B81A421D213FF00DB9DC1 /* day25 */;
			productType = "com.apple.product-type.tool";
		};
		01300D4021BED6ED007BA9C3 /* day10 */ = {
			isa = PBXNativeTarget;
			buildConfigurationList = 01300D4721BED6EE007BA9C3 /* Build configuration list for PBXNativeTarget "day10" */;
			buildPhases = (
				01300D3D21BED6ED007BA9C3 /* Sources */,
				01300D3E21BED6ED007BA9C3 /* Frameworks */,
				01300D3F21BED6ED007BA9C3 /* CopyFiles */,
			);
			buildRules = (
			);
			dependencies = (
			);
			name = day10;
			productName = day10;
			productReference = 01300D4121BED6ED007BA9C3 /* day10 */;
			productType = "com.apple.product-type.tool";
		};
		01300D4D21BEFAF5007BA9C3 /* day11 */ = {
			isa = PBXNativeTarget;
			buildConfigurationList = 01300D5221BEFAF5007BA9C3 /* Build configuration list for PBXNativeTarget "day11" */;
			buildPhases = (
				01300D4A21BEFAF5007BA9C3 /* Sources */,
				01300D4B21BEFAF5007BA9C3 /* Frameworks */,
				01300D4C21BEFAF5007BA9C3 /* CopyFiles */,
			);
			buildRules = (
			);
			dependencies = (
			);
			name = day11;
			productName = day11;
			productReference = 01300D4E21BEFAF5007BA9C3 /* day11 */;
			productType = "com.apple.product-type.tool";
		};
		013777B821C0E98200A6CA4E /* day12 */ = {
			isa = PBXNativeTarget;
			buildConfigurationList = 013777BF21C0E98200A6CA4E /* Build configuration list for PBXNativeTarget "day12" */;
			buildPhases = (
				013777B521C0E98200A6CA4E /* Sources */,
				013777B621C0E98200A6CA4E /* Frameworks */,
				013777B721C0E98200A6CA4E /* CopyFiles */,
			);
			buildRules = (
			);
			dependencies = (
			);
			name = day12;
			productName = day12;
			productReference = 013777B921C0E98200A6CA4E /* day12 */;
			productType = "com.apple.product-type.tool";
		};
		013906BE21C1BF2400ABCDA8 /* day13 */ = {
			isa = PBXNativeTarget;
			buildConfigurationList = 013906C521C1BF2500ABCDA8 /* Build configuration list for PBXNativeTarget "day13" */;
			buildPhases = (
				013906BB21C1BF2400ABCDA8 /* Sources */,
				013906BC21C1BF2400ABCDA8 /* Frameworks */,
				013906BD21C1BF2400ABCDA8 /* CopyFiles */,
			);
			buildRules = (
			);
			dependencies = (
			);
			name = day13;
			productName = day13;
			productReference = 013906BF21C1BF2400ABCDA8 /* day13 */;
			productType = "com.apple.product-type.tool";
		};
		0142F3AE21C315AB00E9AD38 /* day14 */ = {
			isa = PBXNativeTarget;
			buildConfigurationList = 0142F3B521C315AB00E9AD38 /* Build configuration list for PBXNativeTarget "day14" */;
			buildPhases = (
				0142F3AB21C315AB00E9AD38 /* Sources */,
				0142F3AC21C315AB00E9AD38 /* Frameworks */,
				0142F3AD21C315AB00E9AD38 /* CopyFiles */,
			);
			buildRules = (
			);
			dependencies = (
			);
			name = day14;
			productName = day14;
			productReference = 0142F3AF21C315AB00E9AD38 /* day14 */;
			productType = "com.apple.product-type.tool";
		};
		0168869E21B26DF9009C0C4B /* day01 */ = {
			isa = PBXNativeTarget;
			buildConfigurationList = 016886A321B26DF9009C0C4B /* Build configuration list for PBXNativeTarget "day01" */;
			buildPhases = (
				0168869B21B26DF9009C0C4B /* Sources */,
				0168869C21B26DF9009C0C4B /* Frameworks */,
				0168869D21B26DF9009C0C4B /* CopyFiles */,
			);
			buildRules = (
			);
			dependencies = (
			);
			name = day01;
			productName = "day-01";
			productReference = 0168869F21B26DF9009C0C4B /* day01 */;
			productType = "com.apple.product-type.tool";
		};
		0186193821BA526300561CB5 /* day07 */ = {
			isa = PBXNativeTarget;
			buildConfigurationList = 0186193F21BA526300561CB5 /* Build configuration list for PBXNativeTarget "day07" */;
			buildPhases = (
				0186193521BA526300561CB5 /* Sources */,
				0186193621BA526300561CB5 /* Frameworks */,
				0186193721BA526300561CB5 /* CopyFiles */,
			);
			buildRules = (
			);
			dependencies = (
			);
			name = day07;
			productName = day07;
			productReference = 0186193921BA526300561CB5 /* day07 */;
			productType = "com.apple.product-type.tool";
		};
		0186194521BA865D00561CB5 /* day08 */ = {
			isa = PBXNativeTarget;
			buildConfigurationList = 0186194C21BA865D00561CB5 /* Build configuration list for PBXNativeTarget "day08" */;
			buildPhases = (
				0186194221BA865D00561CB5 /* Sources */,
				0186194321BA865D00561CB5 /* Frameworks */,
				0186194421BA865D00561CB5 /* CopyFiles */,
			);
			buildRules = (
			);
			dependencies = (
			);
			name = day08;
			productName = day08;
			productReference = 0186194621BA865D00561CB5 /* day08 */;
			productType = "com.apple.product-type.tool";
		};
		0186195921BC62EB00561CB5 /* day09 */ = {
			isa = PBXNativeTarget;
			buildConfigurationList = 0186195E21BC62EB00561CB5 /* Build configuration list for PBXNativeTarget "day09" */;
			buildPhases = (
				0186195621BC62EB00561CB5 /* Sources */,
				0186195721BC62EB00561CB5 /* Frameworks */,
				0186195821BC62EB00561CB5 /* CopyFiles */,
			);
			buildRules = (
			);
			dependencies = (
			);
			name = day09;
			productName = day09;
			productReference = 0186195A21BC62EB00561CB5 /* day09 */;
			productType = "com.apple.product-type.tool";
		};
		0187F7CD21C8E24F00B5AC05 /* day18 */ = {
			isa = PBXNativeTarget;
			buildConfigurationList = 0187F7D421C8E24F00B5AC05 /* Build configuration list for PBXNativeTarget "day18" */;
			buildPhases = (
				0187F7CA21C8E24F00B5AC05 /* Sources */,
				0187F7CB21C8E24F00B5AC05 /* Frameworks */,
				0187F7CC21C8E24F00B5AC05 /* CopyFiles */,
			);
			buildRules = (
			);
			dependencies = (
			);
			name = day18;
			productName = day18;
			productReference = 0187F7CE21C8E24F00B5AC05 /* day18 */;
			productType = "com.apple.product-type.tool";
		};
		0187F7DA21CA226200B5AC05 /* day19 */ = {
			isa = PBXNativeTarget;
			buildConfigurationList = 0187F7E121CA226200B5AC05 /* Build configuration list for PBXNativeTarget "day19" */;
			buildPhases = (
				0187F7D721CA226200B5AC05 /* Sources */,
				0187F7D821CA226200B5AC05 /* Frameworks */,
				0187F7D921CA226200B5AC05 /* CopyFiles */,
			);
			buildRules = (
			);
			dependencies = (
			);
			name = day19;
			productName = day19;
			productReference = 0187F7DB21CA226200B5AC05 /* day19 */;
			productType = "com.apple.product-type.tool";
		};
		0187F7EB21CB12AF00B5AC05 /* day20 */ = {
			isa = PBXNativeTarget;
			buildConfigurationList = 0187F7F021CB12AF00B5AC05 /* Build configuration list for PBXNativeTarget "day20" */;
			buildPhases = (
				0187F7E821CB12AF00B5AC05 /* Sources */,
				0187F7E921CB12AF00B5AC05 /* Frameworks */,
				0187F7EA21CB12AF00B5AC05 /* CopyFiles */,
			);
			buildRules = (
			);
			dependencies = (
			);
			name = day20;
			productName = day20;
			productReference = 0187F7EC21CB12AF00B5AC05 /* day20 */;
			productType = "com.apple.product-type.tool";
		};
		0187F7FA21CD69BE00B5AC05 /* day21 */ = {
			isa = PBXNativeTarget;
			buildConfigurationList = 0187F7FF21CD69BF00B5AC05 /* Build configuration list for PBXNativeTarget "day21" */;
			buildPhases = (
				0187F7F721CD69BE00B5AC05 /* Sources */,
				0187F7F821CD69BE00B5AC05 /* Frameworks */,
				0187F7F921CD69BE00B5AC05 /* CopyFiles */,
			);
			buildRules = (
			);
			dependencies = (
			);
			name = day21;
			productName = day21;
			productReference = 0187F7FB21CD69BE00B5AC05 /* day21 */;
			productType = "com.apple.product-type.tool";
		};
		0187F80721CE235200B5AC05 /* day22 */ = {
			isa = PBXNativeTarget;
			buildConfigurationList = 0187F80C21CE235200B5AC05 /* Build configuration list for PBXNativeTarget "day22" */;
			buildPhases = (
				0187F80421CE235200B5AC05 /* Sources */,
				0187F80521CE235200B5AC05 /* Frameworks */,
				0187F80621CE235200B5AC05 /* CopyFiles */,
			);
			buildRules = (
			);
			dependencies = (
			);
			name = day22;
			productName = day22;
			productReference = 0187F80821CE235200B5AC05 /* day22 */;
			productType = "com.apple.product-type.tool";
		};
		0187F81221CF9CAC00B5AC05 /* day23 */ = {
			isa = PBXNativeTarget;
			buildConfigurationList = 0187F81721CF9CAD00B5AC05 /* Build configuration list for PBXNativeTarget "day23" */;
			buildPhases = (
				0187F80F21CF9CAC00B5AC05 /* Sources */,
				0187F81021CF9CAC00B5AC05 /* Frameworks */,
				0187F81121CF9CAC00B5AC05 /* CopyFiles */,
			);
			buildRules = (
			);
			dependencies = (
			);
			name = day23;
			productName = day23;
			productReference = 0187F81321CF9CAC00B5AC05 /* day23 */;
			productType = "com.apple.product-type.tool";
		};
		018CF44821C6F58700DCB0FD /* day17 */ = {
			isa = PBXNativeTarget;
			buildConfigurationList = 018CF44F21C6F58700DCB0FD /* Build configuration list for PBXNativeTarget "day17" */;
			buildPhases = (
				018CF44521C6F58700DCB0FD /* Sources */,
				018CF44621C6F58700DCB0FD /* Frameworks */,
				018CF44721C6F58700DCB0FD /* CopyFiles */,
			);
			buildRules = (
			);
			dependencies = (
			);
			name = day17;
			productName = day17;
			productReference = 018CF44921C6F58700DCB0FD /* day17 */;
			productType = "com.apple.product-type.tool";
		};
		0198491A21B7B06E0000847F /* day05 */ = {
			isa = PBXNativeTarget;
			buildConfigurationList = 0198492121B7B06E0000847F /* Build configuration list for PBXNativeTarget "day05" */;
			buildPhases = (
				0198491721B7B06E0000847F /* Sources */,
				0198491821B7B06E0000847F /* Frameworks */,
				0198491921B7B06E0000847F /* CopyFiles */,
			);
			buildRules = (
			);
			dependencies = (
			);
			name = day05;
			productName = day05;
			productReference = 0198491B21B7B06E0000847F /* day05 */;
			productType = "com.apple.product-type.tool";
		};
		019EECD221B34F7C0013E504 /* day02 */ = {
			isa = PBXNativeTarget;
			buildConfigurationList = 019EECD921B34F7C0013E504 /* Build configuration list for PBXNativeTarget "day02" */;
			buildPhases = (
				019EECCF21B34F7C0013E504 /* Sources */,
				019EECD021B34F7C0013E504 /* Frameworks */,
				019EECD121B34F7C0013E504 /* CopyFiles */,
			);
			buildRules = (
			);
			dependencies = (
			);
			name = day02;
			productName = day02;
			productReference = 019EECD321B34F7C0013E504 /* day02 */;
			productType = "com.apple.product-type.tool";
		};
		019EECDF21B51B6A0013E504 /* day03 */ = {
			isa = PBXNativeTarget;
			buildConfigurationList = 019EECE421B51B6A0013E504 /* Build configuration list for PBXNativeTarget "day03" */;
			buildPhases = (
				019EECDC21B51B6A0013E504 /* Sources */,
				019EECDD21B51B6A0013E504 /* Frameworks */,
				019EECDE21B51B6A0013E504 /* CopyFiles */,
			);
			buildRules = (
			);
			dependencies = (
			);
			name = day03;
			productName = day03;
			productReference = 019EECE021B51B6A0013E504 /* day03 */;
			productType = "com.apple.product-type.tool";
		};
		019EECF021B578890013E504 /* day04 */ = {
			isa = PBXNativeTarget;
			buildConfigurationList = 019EECF521B578890013E504 /* Build configuration list for PBXNativeTarget "day04" */;
			buildPhases = (
				019EECED21B578890013E504 /* Sources */,
				019EECEE21B578890013E504 /* Frameworks */,
				019EECEF21B578890013E504 /* CopyFiles */,
			);
			buildRules = (
			);
			dependencies = (
			);
			name = day04;
			productName = day04;
			productReference = 019EECF121B578890013E504 /* day04 */;
			productType = "com.apple.product-type.tool";
		};
		01A6000821D16F4200EB2EDE /* day24 */ = {
			isa = PBXNativeTarget;
			buildConfigurationList = 01A6000F21D16F4300EB2EDE /* Build configuration list for PBXNativeTarget "day24" */;
			buildPhases = (
				01A6000521D16F4200EB2EDE /* Sources */,
				01A6000621D16F4200EB2EDE /* Frameworks */,
				01A6000721D16F4200EB2EDE /* CopyFiles */,
			);
			buildRules = (
			);
			dependencies = (
			);
			name = day24;
			productName = day24;
			productReference = 01A6000921D16F4200EB2EDE /* day24 */;
			productType = "com.apple.product-type.tool";
		};
		01BAFAD021B9027100205E29 /* day06 */ = {
			isa = PBXNativeTarget;
			buildConfigurationList = 01BAFAD721B9027100205E29 /* Build configuration list for PBXNativeTarget "day06" */;
			buildPhases = (
				01BAFACD21B9027100205E29 /* Sources */,
				01BAFACE21B9027100205E29 /* Frameworks */,
				01BAFACF21B9027100205E29 /* CopyFiles */,
			);
			buildRules = (
			);
			dependencies = (
			);
			name = day06;
			productName = day06;
			productReference = 01BAFAD121B9027100205E29 /* day06 */;
			productType = "com.apple.product-type.tool";
		};
/* End PBXNativeTarget section */

/* Begin PBXProject section */
		0168868921B26DD5009C0C4B /* Project object */ = {
			isa = PBXProject;
			attributes = {
				LastSwiftUpdateCheck = 1010;
				LastUpgradeCheck = 1010;
				ORGANIZATIONNAME = Awesomation;
				TargetAttributes = {
					01070A2121C4FCDD002403D9 = {
						CreatedOnToolsVersion = 10.1;
					};
					01070A3821C673AF002403D9 = {
						CreatedOnToolsVersion = 10.1;
					};
					011B81A321D213FF00DB9DC1 = {
						CreatedOnToolsVersion = 10.1;
					};
					01300D4021BED6ED007BA9C3 = {
						CreatedOnToolsVersion = 10.1;
					};
					01300D4D21BEFAF5007BA9C3 = {
						CreatedOnToolsVersion = 10.1;
					};
					013777B821C0E98200A6CA4E = {
						CreatedOnToolsVersion = 10.1;
					};
					013906BE21C1BF2400ABCDA8 = {
						CreatedOnToolsVersion = 10.1;
					};
					0142F3AE21C315AB00E9AD38 = {
						CreatedOnToolsVersion = 10.1;
					};
					0168869E21B26DF9009C0C4B = {
						CreatedOnToolsVersion = 10.1;
					};
					0186193821BA526300561CB5 = {
						CreatedOnToolsVersion = 10.1;
					};
					0186194521BA865D00561CB5 = {
						CreatedOnToolsVersion = 10.1;
					};
					0186195921BC62EB00561CB5 = {
						CreatedOnToolsVersion = 10.1;
					};
					0187F7CD21C8E24F00B5AC05 = {
						CreatedOnToolsVersion = 10.1;
					};
					0187F7DA21CA226200B5AC05 = {
						CreatedOnToolsVersion = 10.1;
					};
					0187F7EB21CB12AF00B5AC05 = {
						CreatedOnToolsVersion = 10.1;
					};
					0187F7FA21CD69BE00B5AC05 = {
						CreatedOnToolsVersion = 10.1;
					};
					0187F80721CE235200B5AC05 = {
						CreatedOnToolsVersion = 10.1;
					};
					0187F81221CF9CAC00B5AC05 = {
						CreatedOnToolsVersion = 10.1;
					};
					018CF44821C6F58700DCB0FD = {
						CreatedOnToolsVersion = 10.1;
					};
					0198491A21B7B06E0000847F = {
						CreatedOnToolsVersion = 10.1;
					};
					019EECD221B34F7C0013E504 = {
						CreatedOnToolsVersion = 10.1;
					};
					019EECDF21B51B6A0013E504 = {
						CreatedOnToolsVersion = 10.1;
					};
					019EECF021B578890013E504 = {
						CreatedOnToolsVersion = 10.1;
					};
					01A6000821D16F4200EB2EDE = {
						CreatedOnToolsVersion = 10.1;
					};
					01BAFAD021B9027100205E29 = {
						CreatedOnToolsVersion = 10.1;
					};
				};
			};
			buildConfigurationList = 0168868C21B26DD5009C0C4B /* Build configuration list for PBXProject "AdventOfCode2018" */;
			compatibilityVersion = "Xcode 9.3";
			developmentRegion = en;
			hasScannedForEncodings = 0;
			knownRegions = (
				en,
			);
			mainGroup = 0168868821B26DD5009C0C4B;
			productRefGroup = 0168869221B26DD5009C0C4B /* Products */;
			projectDirPath = "";
			projectRoot = "";
			targets = (
				0168869E21B26DF9009C0C4B /* day01 */,
				019EECD221B34F7C0013E504 /* day02 */,
				019EECDF21B51B6A0013E504 /* day03 */,
				019EECF021B578890013E504 /* day04 */,
				0198491A21B7B06E0000847F /* day05 */,
				01BAFAD021B9027100205E29 /* day06 */,
				0186193821BA526300561CB5 /* day07 */,
				0186194521BA865D00561CB5 /* day08 */,
				0186195921BC62EB00561CB5 /* day09 */,
				01300D4021BED6ED007BA9C3 /* day10 */,
				01300D4D21BEFAF5007BA9C3 /* day11 */,
				013777B821C0E98200A6CA4E /* day12 */,
				013906BE21C1BF2400ABCDA8 /* day13 */,
				0142F3AE21C315AB00E9AD38 /* day14 */,
				01070A2121C4FCDD002403D9 /* day15 */,
				01070A3821C673AF002403D9 /* day16 */,
				018CF44821C6F58700DCB0FD /* day17 */,
				0187F7CD21C8E24F00B5AC05 /* day18 */,
				0187F7DA21CA226200B5AC05 /* day19 */,
				0187F7EB21CB12AF00B5AC05 /* day20 */,
				0187F7FA21CD69BE00B5AC05 /* day21 */,
				0187F80721CE235200B5AC05 /* day22 */,
				0187F81221CF9CAC00B5AC05 /* day23 */,
				01A6000821D16F4200EB2EDE /* day24 */,
				011B81A321D213FF00DB9DC1 /* day25 */,
			);
		};
/* End PBXProject section */

/* Begin PBXSourcesBuildPhase section */
		01070A1E21C4FCDD002403D9 /* Sources */ = {
			isa = PBXSourcesBuildPhase;
			buildActionMask = 2147483647;
			files = (
				01070A2521C4FCDD002403D9 /* main.swift in Sources */,
			);
			runOnlyForDeploymentPostprocessing = 0;
		};
		01070A3521C673AF002403D9 /* Sources */ = {
			isa = PBXSourcesBuildPhase;
			buildActionMask = 2147483647;
			files = (
				01070A3C21C673AF002403D9 /* main.swift in Sources */,
			);
			runOnlyForDeploymentPostprocessing = 0;
		};
		011B81A021D213FF00DB9DC1 /* Sources */ = {
			isa = PBXSourcesBuildPhase;
			buildActionMask = 2147483647;
			files = (
				011B81A721D213FF00DB9DC1 /* main.swift in Sources */,
			);
			runOnlyForDeploymentPostprocessing = 0;
		};
		01300D3D21BED6ED007BA9C3 /* Sources */ = {
			isa = PBXSourcesBuildPhase;
			buildActionMask = 2147483647;
			files = (
				01300D4421BED6EE007BA9C3 /* main.swift in Sources */,
			);
			runOnlyForDeploymentPostprocessing = 0;
		};
		01300D4A21BEFAF5007BA9C3 /* Sources */ = {
			isa = PBXSourcesBuildPhase;
			buildActionMask = 2147483647;
			files = (
				01300D5121BEFAF5007BA9C3 /* main.swift in Sources */,
			);
			runOnlyForDeploymentPostprocessing = 0;
		};
		013777B521C0E98200A6CA4E /* Sources */ = {
			isa = PBXSourcesBuildPhase;
			buildActionMask = 2147483647;
			files = (
				013777BC21C0E98200A6CA4E /* main.swift in Sources */,
			);
			runOnlyForDeploymentPostprocessing = 0;
		};
		013906BB21C1BF2400ABCDA8 /* Sources */ = {
			isa = PBXSourcesBuildPhase;
			buildActionMask = 2147483647;
			files = (
				013906C221C1BF2500ABCDA8 /* main.swift in Sources */,
			);
			runOnlyForDeploymentPostprocessing = 0;
		};
		0142F3AB21C315AB00E9AD38 /* Sources */ = {
			isa = PBXSourcesBuildPhase;
			buildActionMask = 2147483647;
			files = (
				0142F3B221C315AB00E9AD38 /* main.swift in Sources */,
			);
			runOnlyForDeploymentPostprocessing = 0;
		};
		0168869B21B26DF9009C0C4B /* Sources */ = {
			isa = PBXSourcesBuildPhase;
			buildActionMask = 2147483647;
			files = (
				016886A221B26DF9009C0C4B /* main.swift in Sources */,
			);
			runOnlyForDeploymentPostprocessing = 0;
		};
		0186193521BA526300561CB5 /* Sources */ = {
			isa = PBXSourcesBuildPhase;
			buildActionMask = 2147483647;
			files = (
				0186193C21BA526300561CB5 /* main.swift in Sources */,
			);
			runOnlyForDeploymentPostprocessing = 0;
		};
		0186194221BA865D00561CB5 /* Sources */ = {
			isa = PBXSourcesBuildPhase;
			buildActionMask = 2147483647;
			files = (
				0186194921BA865D00561CB5 /* main.swift in Sources */,
			);
			runOnlyForDeploymentPostprocessing = 0;
		};
		0186195621BC62EB00561CB5 /* Sources */ = {
			isa = PBXSourcesBuildPhase;
			buildActionMask = 2147483647;
			files = (
				0186195D21BC62EB00561CB5 /* main.swift in Sources */,
			);
			runOnlyForDeploymentPostprocessing = 0;
		};
		0187F7CA21C8E24F00B5AC05 /* Sources */ = {
			isa = PBXSourcesBuildPhase;
			buildActionMask = 2147483647;
			files = (
				0187F7D121C8E24F00B5AC05 /* main.swift in Sources */,
			);
			runOnlyForDeploymentPostprocessing = 0;
		};
		0187F7D721CA226200B5AC05 /* Sources */ = {
			isa = PBXSourcesBuildPhase;
			buildActionMask = 2147483647;
			files = (
				0187F7DE21CA226200B5AC05 /* main.swift in Sources */,
			);
			runOnlyForDeploymentPostprocessing = 0;
		};
		0187F7E821CB12AF00B5AC05 /* Sources */ = {
			isa = PBXSourcesBuildPhase;
			buildActionMask = 2147483647;
			files = (
				0187F7EF21CB12AF00B5AC05 /* main.swift in Sources */,
			);
			runOnlyForDeploymentPostprocessing = 0;
		};
		0187F7F721CD69BE00B5AC05 /* Sources */ = {
			isa = PBXSourcesBuildPhase;
			buildActionMask = 2147483647;
			files = (
				0187F7FE21CD69BF00B5AC05 /* main.swift in Sources */,
			);
			runOnlyForDeploymentPostprocessing = 0;
		};
		0187F80421CE235200B5AC05 /* Sources */ = {
			isa = PBXSourcesBuildPhase;
			buildActionMask = 2147483647;
			files = (
				0187F80B21CE235200B5AC05 /* main.swift in Sources */,
			);
			runOnlyForDeploymentPostprocessing = 0;
		};
		0187F80F21CF9CAC00B5AC05 /* Sources */ = {
			isa = PBXSourcesBuildPhase;
			buildActionMask = 2147483647;
			files = (
				0187F81621CF9CAD00B5AC05 /* main.swift in Sources */,
			);
			runOnlyForDeploymentPostprocessing = 0;
		};
		018CF44521C6F58700DCB0FD /* Sources */ = {
			isa = PBXSourcesBuildPhase;
			buildActionMask = 2147483647;
			files = (
				018CF44C21C6F58700DCB0FD /* main.swift in Sources */,
			);
			runOnlyForDeploymentPostprocessing = 0;
		};
		0198491721B7B06E0000847F /* Sources */ = {
			isa = PBXSourcesBuildPhase;
			buildActionMask = 2147483647;
			files = (
				0198491E21B7B06E0000847F /* main.swift in Sources */,
			);
			runOnlyForDeploymentPostprocessing = 0;
		};
		019EECCF21B34F7C0013E504 /* Sources */ = {
			isa = PBXSourcesBuildPhase;
			buildActionMask = 2147483647;
			files = (
				019EECD621B34F7C0013E504 /* main.swift in Sources */,
			);
			runOnlyForDeploymentPostprocessing = 0;
		};
		019EECDC21B51B6A0013E504 /* Sources */ = {
			isa = PBXSourcesBuildPhase;
			buildActionMask = 2147483647;
			files = (
				019EECE321B51B6A0013E504 /* main.swift in Sources */,
			);
			runOnlyForDeploymentPostprocessing = 0;
		};
		019EECED21B578890013E504 /* Sources */ = {
			isa = PBXSourcesBuildPhase;
			buildActionMask = 2147483647;
			files = (
				019EECF421B578890013E504 /* main.swift in Sources */,
			);
			runOnlyForDeploymentPostprocessing = 0;
		};
		01A6000521D16F4200EB2EDE /* Sources */ = {
			isa = PBXSourcesBuildPhase;
			buildActionMask = 2147483647;
			files = (
				01A6000C21D16F4300EB2EDE /* main.swift in Sources */,
			);
			runOnlyForDeploymentPostprocessing = 0;
		};
		01BAFACD21B9027100205E29 /* Sources */ = {
			isa = PBXSourcesBuildPhase;
			buildActionMask = 2147483647;
			files = (
				01BAFAD421B9027100205E29 /* main.swift in Sources */,
			);
			runOnlyForDeploymentPostprocessing = 0;
		};
/* End PBXSourcesBuildPhase section */

/* Begin XCBuildConfiguration section */
		01070A2621C4FCDD002403D9 /* Debug */ = {
			isa = XCBuildConfiguration;
			buildSettings = {
				CODE_SIGN_STYLE = Automatic;
				DEVELOPMENT_TEAM = LU4EN4MKCR;
				PRODUCT_NAME = "$(TARGET_NAME)";
				SWIFT_VERSION = 4.2;
			};
			name = Debug;
		};
		01070A2721C4FCDD002403D9 /* Release */ = {
			isa = XCBuildConfiguration;
			buildSettings = {
				CODE_SIGN_STYLE = Automatic;
				DEVELOPMENT_TEAM = LU4EN4MKCR;
				PRODUCT_NAME = "$(TARGET_NAME)";
				SWIFT_VERSION = 4.2;
			};
			name = Release;
		};
		01070A3E21C673AF002403D9 /* Debug */ = {
			isa = XCBuildConfiguration;
			buildSettings = {
				CODE_SIGN_STYLE = Automatic;
				DEVELOPMENT_TEAM = LU4EN4MKCR;
				PRODUCT_NAME = "$(TARGET_NAME)";
				SWIFT_VERSION = 4.2;
			};
			name = Debug;
		};
		01070A3F21C673AF002403D9 /* Release */ = {
			isa = XCBuildConfiguration;
			buildSettings = {
				CODE_SIGN_STYLE = Automatic;
				DEVELOPMENT_TEAM = LU4EN4MKCR;
				PRODUCT_NAME = "$(TARGET_NAME)";
				SWIFT_VERSION = 4.2;
			};
			name = Release;
		};
		011B81A821D213FF00DB9DC1 /* Debug */ = {
			isa = XCBuildConfiguration;
			buildSettings = {
				CODE_SIGN_STYLE = Automatic;
				DEVELOPMENT_TEAM = LU4EN4MKCR;
				PRODUCT_NAME = "$(TARGET_NAME)";
				SWIFT_VERSION = 4.2;
			};
			name = Debug;
		};
		011B81A921D213FF00DB9DC1 /* Release */ = {
			isa = XCBuildConfiguration;
			buildSettings = {
				CODE_SIGN_STYLE = Automatic;
				DEVELOPMENT_TEAM = LU4EN4MKCR;
				PRODUCT_NAME = "$(TARGET_NAME)";
				SWIFT_VERSION = 4.2;
			};
			name = Release;
		};
		01300D4521BED6EE007BA9C3 /* Debug */ = {
			isa = XCBuildConfiguration;
			buildSettings = {
				CODE_SIGN_STYLE = Automatic;
				DEVELOPMENT_TEAM = LU4EN4MKCR;
				PRODUCT_NAME = "$(TARGET_NAME)";
				SWIFT_VERSION = 4.2;
			};
			name = Debug;
		};
		01300D4621BED6EE007BA9C3 /* Release */ = {
			isa = XCBuildConfiguration;
			buildSettings = {
				CODE_SIGN_STYLE = Automatic;
				DEVELOPMENT_TEAM = LU4EN4MKCR;
				PRODUCT_NAME = "$(TARGET_NAME)";
				SWIFT_VERSION = 4.2;
			};
			name = Release;
		};
		01300D5321BEFAF5007BA9C3 /* Debug */ = {
			isa = XCBuildConfiguration;
			buildSettings = {
				CODE_SIGN_STYLE = Automatic;
				DEVELOPMENT_TEAM = LU4EN4MKCR;
				PRODUCT_NAME = "$(TARGET_NAME)";
				SWIFT_VERSION = 4.2;
			};
			name = Debug;
		};
		01300D5421BEFAF5007BA9C3 /* Release */ = {
			isa = XCBuildConfiguration;
			buildSettings = {
				CODE_SIGN_STYLE = Automatic;
				DEVELOPMENT_TEAM = LU4EN4MKCR;
				PRODUCT_NAME = "$(TARGET_NAME)";
				SWIFT_VERSION = 4.2;
			};
			name = Release;
		};
		013777BD21C0E98200A6CA4E /* Debug */ = {
			isa = XCBuildConfiguration;
			buildSettings = {
				CODE_SIGN_STYLE = Automatic;
				DEVELOPMENT_TEAM = LU4EN4MKCR;
				PRODUCT_NAME = "$(TARGET_NAME)";
				SWIFT_VERSION = 4.2;
			};
			name = Debug;
		};
		013777BE21C0E98200A6CA4E /* Release */ = {
			isa = XCBuildConfiguration;
			buildSettings = {
				CODE_SIGN_STYLE = Automatic;
				DEVELOPMENT_TEAM = LU4EN4MKCR;
				PRODUCT_NAME = "$(TARGET_NAME)";
				SWIFT_VERSION = 4.2;
			};
			name = Release;
		};
		013906C321C1BF2500ABCDA8 /* Debug */ = {
			isa = XCBuildConfiguration;
			buildSettings = {
				CODE_SIGN_STYLE = Automatic;
				DEVELOPMENT_TEAM = LU4EN4MKCR;
				PRODUCT_NAME = "$(TARGET_NAME)";
				SWIFT_VERSION = 4.2;
			};
			name = Debug;
		};
		013906C421C1BF2500ABCDA8 /* Release */ = {
			isa = XCBuildConfiguration;
			buildSettings = {
				CODE_SIGN_STYLE = Automatic;
				DEVELOPMENT_TEAM = LU4EN4MKCR;
				PRODUCT_NAME = "$(TARGET_NAME)";
				SWIFT_VERSION = 4.2;
			};
			name = Release;
		};
		0142F3B321C315AB00E9AD38 /* Debug */ = {
			isa = XCBuildConfiguration;
			buildSettings = {
				CODE_SIGN_STYLE = Automatic;
				DEVELOPMENT_TEAM = LU4EN4MKCR;
				PRODUCT_NAME = "$(TARGET_NAME)";
				SWIFT_VERSION = 4.2;
			};
			name = Debug;
		};
		0142F3B421C315AB00E9AD38 /* Release */ = {
			isa = XCBuildConfiguration;
			buildSettings = {
				CODE_SIGN_STYLE = Automatic;
				DEVELOPMENT_TEAM = LU4EN4MKCR;
				PRODUCT_NAME = "$(TARGET_NAME)";
				SWIFT_VERSION = 4.2;
			};
			name = Release;
		};
		0168869621B26DD5009C0C4B /* Debug */ = {
			isa = XCBuildConfiguration;
			buildSettings = {
				ALWAYS_SEARCH_USER_PATHS = NO;
				CLANG_ANALYZER_NONNULL = YES;
				CLANG_ANALYZER_NUMBER_OBJECT_CONVERSION = YES_AGGRESSIVE;
				CLANG_CXX_LANGUAGE_STANDARD = "gnu++14";
				CLANG_CXX_LIBRARY = "libc++";
				CLANG_ENABLE_MODULES = YES;
				CLANG_ENABLE_OBJC_ARC = YES;
				CLANG_ENABLE_OBJC_WEAK = YES;
				CLANG_WARN_BLOCK_CAPTURE_AUTORELEASING = YES;
				CLANG_WARN_BOOL_CONVERSION = YES;
				CLANG_WARN_COMMA = YES;
				CLANG_WARN_CONSTANT_CONVERSION = YES;
				CLANG_WARN_DEPRECATED_OBJC_IMPLEMENTATIONS = YES;
				CLANG_WARN_DIRECT_OBJC_ISA_USAGE = YES_ERROR;
				CLANG_WARN_DOCUMENTATION_COMMENTS = YES;
				CLANG_WARN_EMPTY_BODY = YES;
				CLANG_WARN_ENUM_CONVERSION = YES;
				CLANG_WARN_INFINITE_RECURSION = YES;
				CLANG_WARN_INT_CONVERSION = YES;
				CLANG_WARN_NON_LITERAL_NULL_CONVERSION = YES;
				CLANG_WARN_OBJC_IMPLICIT_RETAIN_SELF = YES;
				CLANG_WARN_OBJC_LITERAL_CONVERSION = YES;
				CLANG_WARN_OBJC_ROOT_CLASS = YES_ERROR;
				CLANG_WARN_RANGE_LOOP_ANALYSIS = YES;
				CLANG_WARN_STRICT_PROTOTYPES = YES;
				CLANG_WARN_SUSPICIOUS_MOVE = YES;
				CLANG_WARN_UNGUARDED_AVAILABILITY = YES_AGGRESSIVE;
				CLANG_WARN_UNREACHABLE_CODE = YES;
				CLANG_WARN__DUPLICATE_METHOD_MATCH = YES;
				CODE_SIGN_IDENTITY = "Mac Developer";
				COPY_PHASE_STRIP = NO;
				DEBUG_INFORMATION_FORMAT = dwarf;
				ENABLE_STRICT_OBJC_MSGSEND = YES;
				ENABLE_TESTABILITY = YES;
				GCC_C_LANGUAGE_STANDARD = gnu11;
				GCC_DYNAMIC_NO_PIC = NO;
				GCC_NO_COMMON_BLOCKS = YES;
				GCC_OPTIMIZATION_LEVEL = 0;
				GCC_PREPROCESSOR_DEFINITIONS = (
					"DEBUG=1",
					"$(inherited)",
				);
				GCC_WARN_64_TO_32_BIT_CONVERSION = YES;
				GCC_WARN_ABOUT_RETURN_TYPE = YES_ERROR;
				GCC_WARN_UNDECLARED_SELECTOR = YES;
				GCC_WARN_UNINITIALIZED_AUTOS = YES_AGGRESSIVE;
				GCC_WARN_UNUSED_FUNCTION = YES;
				GCC_WARN_UNUSED_VARIABLE = YES;
				MACOSX_DEPLOYMENT_TARGET = 10.14;
				MTL_ENABLE_DEBUG_INFO = INCLUDE_SOURCE;
				MTL_FAST_MATH = YES;
				ONLY_ACTIVE_ARCH = YES;
				SDKROOT = macosx;
				SWIFT_ACTIVE_COMPILATION_CONDITIONS = DEBUG;
				SWIFT_OPTIMIZATION_LEVEL = "-Onone";
			};
			name = Debug;
		};
		0168869721B26DD5009C0C4B /* Release */ = {
			isa = XCBuildConfiguration;
			buildSettings = {
				ALWAYS_SEARCH_USER_PATHS = NO;
				CLANG_ANALYZER_NONNULL = YES;
				CLANG_ANALYZER_NUMBER_OBJECT_CONVERSION = YES_AGGRESSIVE;
				CLANG_CXX_LANGUAGE_STANDARD = "gnu++14";
				CLANG_CXX_LIBRARY = "libc++";
				CLANG_ENABLE_MODULES = YES;
				CLANG_ENABLE_OBJC_ARC = YES;
				CLANG_ENABLE_OBJC_WEAK = YES;
				CLANG_WARN_BLOCK_CAPTURE_AUTORELEASING = YES;
				CLANG_WARN_BOOL_CONVERSION = YES;
				CLANG_WARN_COMMA = YES;
				CLANG_WARN_CONSTANT_CONVERSION = YES;
				CLANG_WARN_DEPRECATED_OBJC_IMPLEMENTATIONS = YES;
				CLANG_WARN_DIRECT_OBJC_ISA_USAGE = YES_ERROR;
				CLANG_WARN_DOCUMENTATION_COMMENTS = YES;
				CLANG_WARN_EMPTY_BODY = YES;
				CLANG_WARN_ENUM_CONVERSION = YES;
				CLANG_WARN_INFINITE_RECURSION = YES;
				CLANG_WARN_INT_CONVERSION = YES;
				CLANG_WARN_NON_LITERAL_NULL_CONVERSION = YES;
				CLANG_WARN_OBJC_IMPLICIT_RETAIN_SELF = YES;
				CLANG_WARN_OBJC_LITERAL_CONVERSION = YES;
				CLANG_WARN_OBJC_ROOT_CLASS = YES_ERROR;
				CLANG_WARN_RANGE_LOOP_ANALYSIS = YES;
				CLANG_WARN_STRICT_PROTOTYPES = YES;
				CLANG_WARN_SUSPICIOUS_MOVE = YES;
				CLANG_WARN_UNGUARDED_AVAILABILITY = YES_AGGRESSIVE;
				CLANG_WARN_UNREACHABLE_CODE = YES;
				CLANG_WARN__DUPLICATE_METHOD_MATCH = YES;
				CODE_SIGN_IDENTITY = "Mac Developer";
				COPY_PHASE_STRIP = NO;
				DEBUG_INFORMATION_FORMAT = "dwarf-with-dsym";
				ENABLE_NS_ASSERTIONS = NO;
				ENABLE_STRICT_OBJC_MSGSEND = YES;
				GCC_C_LANGUAGE_STANDARD = gnu11;
				GCC_NO_COMMON_BLOCKS = YES;
				GCC_WARN_64_TO_32_BIT_CONVERSION = YES;
				GCC_WARN_ABOUT_RETURN_TYPE = YES_ERROR;
				GCC_WARN_UNDECLARED_SELECTOR = YES;
				GCC_WARN_UNINITIALIZED_AUTOS = YES_AGGRESSIVE;
				GCC_WARN_UNUSED_FUNCTION = YES;
				GCC_WARN_UNUSED_VARIABLE = YES;
				MACOSX_DEPLOYMENT_TARGET = 10.14;
				MTL_ENABLE_DEBUG_INFO = NO;
				MTL_FAST_MATH = YES;
				SDKROOT = macosx;
				SWIFT_COMPILATION_MODE = wholemodule;
				SWIFT_OPTIMIZATION_LEVEL = "-O";
			};
			name = Release;
		};
		016886A421B26DF9009C0C4B /* Debug */ = {
			isa = XCBuildConfiguration;
			buildSettings = {
				CODE_SIGN_IDENTITY = "Mac Developer";
				CODE_SIGN_STYLE = Automatic;
				DEVELOPMENT_TEAM = LU4EN4MKCR;
				PRODUCT_NAME = "$(TARGET_NAME)";
				PROVISIONING_PROFILE_SPECIFIER = "";
				SWIFT_VERSION = 4.2;
			};
			name = Debug;
		};
		016886A521B26DF9009C0C4B /* Release */ = {
			isa = XCBuildConfiguration;
			buildSettings = {
				CODE_SIGN_IDENTITY = "Mac Developer";
				CODE_SIGN_STYLE = Automatic;
				DEVELOPMENT_TEAM = LU4EN4MKCR;
				PRODUCT_NAME = "$(TARGET_NAME)";
				PROVISIONING_PROFILE_SPECIFIER = "";
				SWIFT_VERSION = 4.2;
			};
			name = Release;
		};
		0186193D21BA526300561CB5 /* Debug */ = {
			isa = XCBuildConfiguration;
			buildSettings = {
				CODE_SIGN_STYLE = Automatic;
				DEVELOPMENT_TEAM = LU4EN4MKCR;
				PRODUCT_NAME = "$(TARGET_NAME)";
				SWIFT_VERSION = 4.2;
			};
			name = Debug;
		};
		0186193E21BA526300561CB5 /* Release */ = {
			isa = XCBuildConfiguration;
			buildSettings = {
				CODE_SIGN_STYLE = Automatic;
				DEVELOPMENT_TEAM = LU4EN4MKCR;
				PRODUCT_NAME = "$(TARGET_NAME)";
				SWIFT_VERSION = 4.2;
			};
			name = Release;
		};
		0186194A21BA865D00561CB5 /* Debug */ = {
			isa = XCBuildConfiguration;
			buildSettings = {
				CODE_SIGN_STYLE = Automatic;
				DEVELOPMENT_TEAM = LU4EN4MKCR;
				PRODUCT_NAME = "$(TARGET_NAME)";
				SWIFT_VERSION = 4.2;
			};
			name = Debug;
		};
		0186194B21BA865D00561CB5 /* Release */ = {
			isa = XCBuildConfiguration;
			buildSettings = {
				CODE_SIGN_STYLE = Automatic;
				DEVELOPMENT_TEAM = LU4EN4MKCR;
				PRODUCT_NAME = "$(TARGET_NAME)";
				SWIFT_VERSION = 4.2;
			};
			name = Release;
		};
		0186195F21BC62EB00561CB5 /* Debug */ = {
			isa = XCBuildConfiguration;
			buildSettings = {
				CODE_SIGN_STYLE = Automatic;
				DEVELOPMENT_TEAM = LU4EN4MKCR;
				PRODUCT_NAME = "$(TARGET_NAME)";
				SWIFT_VERSION = 4.2;
			};
			name = Debug;
		};
		0186196021BC62EB00561CB5 /* Release */ = {
			isa = XCBuildConfiguration;
			buildSettings = {
				CODE_SIGN_STYLE = Automatic;
				DEVELOPMENT_TEAM = LU4EN4MKCR;
				PRODUCT_NAME = "$(TARGET_NAME)";
				SWIFT_VERSION = 4.2;
			};
			name = Release;
		};
		0187F7D221C8E24F00B5AC05 /* Debug */ = {
			isa = XCBuildConfiguration;
			buildSettings = {
				CODE_SIGN_STYLE = Automatic;
				DEVELOPMENT_TEAM = LU4EN4MKCR;
				PRODUCT_NAME = "$(TARGET_NAME)";
				SWIFT_VERSION = 4.2;
			};
			name = Debug;
		};
		0187F7D321C8E24F00B5AC05 /* Release */ = {
			isa = XCBuildConfiguration;
			buildSettings = {
				CODE_SIGN_STYLE = Automatic;
				DEVELOPMENT_TEAM = LU4EN4MKCR;
				PRODUCT_NAME = "$(TARGET_NAME)";
				SWIFT_VERSION = 4.2;
			};
			name = Release;
		};
		0187F7DF21CA226200B5AC05 /* Debug */ = {
			isa = XCBuildConfiguration;
			buildSettings = {
				CODE_SIGN_STYLE = Automatic;
				DEVELOPMENT_TEAM = LU4EN4MKCR;
				PRODUCT_NAME = "$(TARGET_NAME)";
				SWIFT_VERSION = 4.2;
			};
			name = Debug;
		};
		0187F7E021CA226200B5AC05 /* Release */ = {
			isa = XCBuildConfiguration;
			buildSettings = {
				CODE_SIGN_STYLE = Automatic;
				DEVELOPMENT_TEAM = LU4EN4MKCR;
				PRODUCT_NAME = "$(TARGET_NAME)";
				SWIFT_VERSION = 4.2;
			};
			name = Release;
		};
		0187F7F121CB12AF00B5AC05 /* Debug */ = {
			isa = XCBuildConfiguration;
			buildSettings = {
				CODE_SIGN_STYLE = Automatic;
				DEVELOPMENT_TEAM = LU4EN4MKCR;
				PRODUCT_NAME = "$(TARGET_NAME)";
				SWIFT_VERSION = 4.2;
			};
			name = Debug;
		};
		0187F7F221CB12AF00B5AC05 /* Release */ = {
			isa = XCBuildConfiguration;
			buildSettings = {
				CODE_SIGN_STYLE = Automatic;
				DEVELOPMENT_TEAM = LU4EN4MKCR;
				PRODUCT_NAME = "$(TARGET_NAME)";
				SWIFT_VERSION = 4.2;
			};
			name = Release;
		};
		0187F80021CD69BF00B5AC05 /* Debug */ = {
			isa = XCBuildConfiguration;
			buildSettings = {
				CODE_SIGN_STYLE = Automatic;
				DEVELOPMENT_TEAM = LU4EN4MKCR;
				PRODUCT_NAME = "$(TARGET_NAME)";
				SWIFT_VERSION = 4.2;
			};
			name = Debug;
		};
		0187F80121CD69BF00B5AC05 /* Release */ = {
			isa = XCBuildConfiguration;
			buildSettings = {
				CODE_SIGN_STYLE = Automatic;
				DEVELOPMENT_TEAM = LU4EN4MKCR;
				PRODUCT_NAME = "$(TARGET_NAME)";
				SWIFT_VERSION = 4.2;
			};
			name = Release;
		};
		0187F80D21CE235200B5AC05 /* Debug */ = {
			isa = XCBuildConfiguration;
			buildSettings = {
				CODE_SIGN_STYLE = Automatic;
				DEVELOPMENT_TEAM = LU4EN4MKCR;
				PRODUCT_NAME = "$(TARGET_NAME)";
				SWIFT_VERSION = 4.2;
			};
			name = Debug;
		};
		0187F80E21CE235200B5AC05 /* Release */ = {
			isa = XCBuildConfiguration;
			buildSettings = {
				CODE_SIGN_STYLE = Automatic;
				DEVELOPMENT_TEAM = LU4EN4MKCR;
				PRODUCT_NAME = "$(TARGET_NAME)";
				SWIFT_VERSION = 4.2;
			};
			name = Release;
		};
		0187F81821CF9CAD00B5AC05 /* Debug */ = {
			isa = XCBuildConfiguration;
			buildSettings = {
				CODE_SIGN_STYLE = Automatic;
				DEVELOPMENT_TEAM = LU4EN4MKCR;
				PRODUCT_NAME = "$(TARGET_NAME)";
				SWIFT_VERSION = 4.2;
			};
			name = Debug;
		};
		0187F81921CF9CAD00B5AC05 /* Release */ = {
			isa = XCBuildConfiguration;
			buildSettings = {
				CODE_SIGN_STYLE = Automatic;
				DEVELOPMENT_TEAM = LU4EN4MKCR;
				PRODUCT_NAME = "$(TARGET_NAME)";
				SWIFT_VERSION = 4.2;
			};
			name = Release;
		};
		018CF44D21C6F58700DCB0FD /* Debug */ = {
			isa = XCBuildConfiguration;
			buildSettings = {
				CODE_SIGN_STYLE = Automatic;
				DEVELOPMENT_TEAM = LU4EN4MKCR;
				PRODUCT_NAME = "$(TARGET_NAME)";
				SWIFT_VERSION = 4.2;
			};
			name = Debug;
		};
		018CF44E21C6F58700DCB0FD /* Release */ = {
			isa = XCBuildConfiguration;
			buildSettings = {
				CODE_SIGN_STYLE = Automatic;
				DEVELOPMENT_TEAM = LU4EN4MKCR;
				PRODUCT_NAME = "$(TARGET_NAME)";
				SWIFT_VERSION = 4.2;
			};
			name = Release;
		};
		0198491F21B7B06E0000847F /* Debug */ = {
			isa = XCBuildConfiguration;
			buildSettings = {
				CODE_SIGN_STYLE = Automatic;
				DEVELOPMENT_TEAM = LU4EN4MKCR;
				PRODUCT_NAME = "$(TARGET_NAME)";
				SWIFT_VERSION = 4.2;
			};
			name = Debug;
		};
		0198492021B7B06E0000847F /* Release */ = {
			isa = XCBuildConfiguration;
			buildSettings = {
				CODE_SIGN_STYLE = Automatic;
				DEVELOPMENT_TEAM = LU4EN4MKCR;
				PRODUCT_NAME = "$(TARGET_NAME)";
				SWIFT_VERSION = 4.2;
			};
			name = Release;
		};
		019EECD721B34F7C0013E504 /* Debug */ = {
			isa = XCBuildConfiguration;
			buildSettings = {
				CODE_SIGN_STYLE = Automatic;
				DEVELOPMENT_TEAM = LU4EN4MKCR;
				PRODUCT_NAME = "$(TARGET_NAME)";
				SWIFT_VERSION = 4.2;
			};
			name = Debug;
		};
		019EECD821B34F7C0013E504 /* Release */ = {
			isa = XCBuildConfiguration;
			buildSettings = {
				CODE_SIGN_STYLE = Automatic;
				DEVELOPMENT_TEAM = LU4EN4MKCR;
				PRODUCT_NAME = "$(TARGET_NAME)";
				SWIFT_VERSION = 4.2;
			};
			name = Release;
		};
		019EECE521B51B6A0013E504 /* Debug */ = {
			isa = XCBuildConfiguration;
			buildSettings = {
				CODE_SIGN_STYLE = Automatic;
				DEVELOPMENT_TEAM = LU4EN4MKCR;
				PRODUCT_NAME = "$(TARGET_NAME)";
				SWIFT_VERSION = 4.2;
			};
			name = Debug;
		};
		019EECE621B51B6A0013E504 /* Release */ = {
			isa = XCBuildConfiguration;
			buildSettings = {
				CODE_SIGN_STYLE = Automatic;
				DEVELOPMENT_TEAM = LU4EN4MKCR;
				PRODUCT_NAME = "$(TARGET_NAME)";
				SWIFT_VERSION = 4.2;
			};
			name = Release;
		};
		019EECF621B578890013E504 /* Debug */ = {
			isa = XCBuildConfiguration;
			buildSettings = {
				CODE_SIGN_STYLE = Automatic;
				DEVELOPMENT_TEAM = LU4EN4MKCR;
				PRODUCT_NAME = "$(TARGET_NAME)";
				SWIFT_VERSION = 4.2;
			};
			name = Debug;
		};
		019EECF721B578890013E504 /* Release */ = {
			isa = XCBuildConfiguration;
			buildSettings = {
				CODE_SIGN_STYLE = Automatic;
				DEVELOPMENT_TEAM = LU4EN4MKCR;
				PRODUCT_NAME = "$(TARGET_NAME)";
				SWIFT_VERSION = 4.2;
			};
			name = Release;
		};
		01A6000D21D16F4300EB2EDE /* Debug */ = {
			isa = XCBuildConfiguration;
			buildSettings = {
				CODE_SIGN_STYLE = Automatic;
				DEVELOPMENT_TEAM = LU4EN4MKCR;
				PRODUCT_NAME = "$(TARGET_NAME)";
				SWIFT_VERSION = 4.2;
			};
			name = Debug;
		};
		01A6000E21D16F4300EB2EDE /* Release */ = {
			isa = XCBuildConfiguration;
			buildSettings = {
				CODE_SIGN_STYLE = Automatic;
				DEVELOPMENT_TEAM = LU4EN4MKCR;
				PRODUCT_NAME = "$(TARGET_NAME)";
				SWIFT_VERSION = 4.2;
			};
			name = Release;
		};
		01BAFAD521B9027100205E29 /* Debug */ = {
			isa = XCBuildConfiguration;
			buildSettings = {
				CODE_SIGN_STYLE = Automatic;
				DEVELOPMENT_TEAM = LU4EN4MKCR;
				PRODUCT_NAME = "$(TARGET_NAME)";
				SWIFT_VERSION = 4.2;
			};
			name = Debug;
		};
		01BAFAD621B9027100205E29 /* Release */ = {
			isa = XCBuildConfiguration;
			buildSettings = {
				CODE_SIGN_STYLE = Automatic;
				DEVELOPMENT_TEAM = LU4EN4MKCR;
				PRODUCT_NAME = "$(TARGET_NAME)";
				SWIFT_VERSION = 4.2;
			};
			name = Release;
		};
/* End XCBuildConfiguration section */

/* Begin XCConfigurationList section */
		01070A2821C4FCDD002403D9 /* Build configuration list for PBXNativeTarget "day15" */ = {
			isa = XCConfigurationList;
			buildConfigurations = (
				01070A2621C4FCDD002403D9 /* Debug */,
				01070A2721C4FCDD002403D9 /* Release */,
			);
			defaultConfigurationIsVisible = 0;
			defaultConfigurationName = Release;
		};
		01070A3D21C673AF002403D9 /* Build configuration list for PBXNativeTarget "day16" */ = {
			isa = XCConfigurationList;
			buildConfigurations = (
				01070A3E21C673AF002403D9 /* Debug */,
				01070A3F21C673AF002403D9 /* Release */,
			);
			defaultConfigurationIsVisible = 0;
			defaultConfigurationName = Release;
		};
		011B81AA21D213FF00DB9DC1 /* Build configuration list for PBXNativeTarget "day25" */ = {
			isa = XCConfigurationList;
			buildConfigurations = (
				011B81A821D213FF00DB9DC1 /* Debug */,
				011B81A921D213FF00DB9DC1 /* Release */,
			);
			defaultConfigurationIsVisible = 0;
			defaultConfigurationName = Release;
		};
		01300D4721BED6EE007BA9C3 /* Build configuration list for PBXNativeTarget "day10" */ = {
			isa = XCConfigurationList;
			buildConfigurations = (
				01300D4521BED6EE007BA9C3 /* Debug */,
				01300D4621BED6EE007BA9C3 /* Release */,
			);
			defaultConfigurationIsVisible = 0;
			defaultConfigurationName = Release;
		};
		01300D5221BEFAF5007BA9C3 /* Build configuration list for PBXNativeTarget "day11" */ = {
			isa = XCConfigurationList;
			buildConfigurations = (
				01300D5321BEFAF5007BA9C3 /* Debug */,
				01300D5421BEFAF5007BA9C3 /* Release */,
			);
			defaultConfigurationIsVisible = 0;
			defaultConfigurationName = Release;
		};
		013777BF21C0E98200A6CA4E /* Build configuration list for PBXNativeTarget "day12" */ = {
			isa = XCConfigurationList;
			buildConfigurations = (
				013777BD21C0E98200A6CA4E /* Debug */,
				013777BE21C0E98200A6CA4E /* Release */,
			);
			defaultConfigurationIsVisible = 0;
			defaultConfigurationName = Release;
		};
		013906C521C1BF2500ABCDA8 /* Build configuration list for PBXNativeTarget "day13" */ = {
			isa = XCConfigurationList;
			buildConfigurations = (
				013906C321C1BF2500ABCDA8 /* Debug */,
				013906C421C1BF2500ABCDA8 /* Release */,
			);
			defaultConfigurationIsVisible = 0;
			defaultConfigurationName = Release;
		};
		0142F3B521C315AB00E9AD38 /* Build configuration list for PBXNativeTarget "day14" */ = {
			isa = XCConfigurationList;
			buildConfigurations = (
				0142F3B321C315AB00E9AD38 /* Debug */,
				0142F3B421C315AB00E9AD38 /* Release */,
			);
			defaultConfigurationIsVisible = 0;
			defaultConfigurationName = Release;
		};
		0168868C21B26DD5009C0C4B /* Build configuration list for PBXProject "AdventOfCode2018" */ = {
			isa = XCConfigurationList;
			buildConfigurations = (
				0168869621B26DD5009C0C4B /* Debug */,
				0168869721B26DD5009C0C4B /* Release */,
			);
			defaultConfigurationIsVisible = 0;
			defaultConfigurationName = Release;
		};
		016886A321B26DF9009C0C4B /* Build configuration list for PBXNativeTarget "day01" */ = {
			isa = XCConfigurationList;
			buildConfigurations = (
				016886A421B26DF9009C0C4B /* Debug */,
				016886A521B26DF9009C0C4B /* Release */,
			);
			defaultConfigurationIsVisible = 0;
			defaultConfigurationName = Release;
		};
		0186193F21BA526300561CB5 /* Build configuration list for PBXNativeTarget "day07" */ = {
			isa = XCConfigurationList;
			buildConfigurations = (
				0186193D21BA526300561CB5 /* Debug */,
				0186193E21BA526300561CB5 /* Release */,
			);
			defaultConfigurationIsVisible = 0;
			defaultConfigurationName = Release;
		};
		0186194C21BA865D00561CB5 /* Build configuration list for PBXNativeTarget "day08" */ = {
			isa = XCConfigurationList;
			buildConfigurations = (
				0186194A21BA865D00561CB5 /* Debug */,
				0186194B21BA865D00561CB5 /* Release */,
			);
			defaultConfigurationIsVisible = 0;
			defaultConfigurationName = Release;
		};
		0186195E21BC62EB00561CB5 /* Build configuration list for PBXNativeTarget "day09" */ = {
			isa = XCConfigurationList;
			buildConfigurations = (
				0186195F21BC62EB00561CB5 /* Debug */,
				0186196021BC62EB00561CB5 /* Release */,
			);
			defaultConfigurationIsVisible = 0;
			defaultConfigurationName = Release;
		};
		0187F7D421C8E24F00B5AC05 /* Build configuration list for PBXNativeTarget "day18" */ = {
			isa = XCConfigurationList;
			buildConfigurations = (
				0187F7D221C8E24F00B5AC05 /* Debug */,
				0187F7D321C8E24F00B5AC05 /* Release */,
			);
			defaultConfigurationIsVisible = 0;
			defaultConfigurationName = Release;
		};
		0187F7E121CA226200B5AC05 /* Build configuration list for PBXNativeTarget "day19" */ = {
			isa = XCConfigurationList;
			buildConfigurations = (
				0187F7DF21CA226200B5AC05 /* Debug */,
				0187F7E021CA226200B5AC05 /* Release */,
			);
			defaultConfigurationIsVisible = 0;
			defaultConfigurationName = Release;
		};
		0187F7F021CB12AF00B5AC05 /* Build configuration list for PBXNativeTarget "day20" */ = {
			isa = XCConfigurationList;
			buildConfigurations = (
				0187F7F121CB12AF00B5AC05 /* Debug */,
				0187F7F221CB12AF00B5AC05 /* Release */,
			);
			defaultConfigurationIsVisible = 0;
			defaultConfigurationName = Release;
		};
		0187F7FF21CD69BF00B5AC05 /* Build configuration list for PBXNativeTarget "day21" */ = {
			isa = XCConfigurationList;
			buildConfigurations = (
				0187F80021CD69BF00B5AC05 /* Debug */,
				0187F80121CD69BF00B5AC05 /* Release */,
			);
			defaultConfigurationIsVisible = 0;
			defaultConfigurationName = Release;
		};
		0187F80C21CE235200B5AC05 /* Build configuration list for PBXNativeTarget "day22" */ = {
			isa = XCConfigurationList;
			buildConfigurations = (
				0187F80D21CE235200B5AC05 /* Debug */,
				0187F80E21CE235200B5AC05 /* Release */,
			);
			defaultConfigurationIsVisible = 0;
			defaultConfigurationName = Release;
		};
		0187F81721CF9CAD00B5AC05 /* Build configuration list for PBXNativeTarget "day23" */ = {
			isa = XCConfigurationList;
			buildConfigurations = (
				0187F81821CF9CAD00B5AC05 /* Debug */,
				0187F81921CF9CAD00B5AC05 /* Release */,
			);
			defaultConfigurationIsVisible = 0;
			defaultConfigurationName = Release;
		};
		018CF44F21C6F58700DCB0FD /* Build configuration list for PBXNativeTarget "day17" */ = {
			isa = XCConfigurationList;
			buildConfigurations = (
				018CF44D21C6F58700DCB0FD /* Debug */,
				018CF44E21C6F58700DCB0FD /* Release */,
			);
			defaultConfigurationIsVisible = 0;
			defaultConfigurationName = Release;
		};
		0198492121B7B06E0000847F /* Build configuration list for PBXNativeTarget "day05" */ = {
			isa = XCConfigurationList;
			buildConfigurations = (
				0198491F21B7B06E0000847F /* Debug */,
				0198492021B7B06E0000847F /* Release */,
			);
			defaultConfigurationIsVisible = 0;
			defaultConfigurationName = Release;
		};
		019EECD921B34F7C0013E504 /* Build configuration list for PBXNativeTarget "day02" */ = {
			isa = XCConfigurationList;
			buildConfigurations = (
				019EECD721B34F7C0013E504 /* Debug */,
				019EECD821B34F7C0013E504 /* Release */,
			);
			defaultConfigurationIsVisible = 0;
			defaultConfigurationName = Release;
		};
		019EECE421B51B6A0013E504 /* Build configuration list for PBXNativeTarget "day03" */ = {
			isa = XCConfigurationList;
			buildConfigurations = (
				019EECE521B51B6A0013E504 /* Debug */,
				019EECE621B51B6A0013E504 /* Release */,
			);
			defaultConfigurationIsVisible = 0;
			defaultConfigurationName = Release;
		};
		019EECF521B578890013E504 /* Build configuration list for PBXNativeTarget "day04" */ = {
			isa = XCConfigurationList;
			buildConfigurations = (
				019EECF621B578890013E504 /* Debug */,
				019EECF721B578890013E504 /* Release */,
			);
			defaultConfigurationIsVisible = 0;
			defaultConfigurationName = Release;
		};
		01A6000F21D16F4300EB2EDE /* Build configuration list for PBXNativeTarget "day24" */ = {
			isa = XCConfigurationList;
			buildConfigurations = (
				01A6000D21D16F4300EB2EDE /* Debug */,
				01A6000E21D16F4300EB2EDE /* Release */,
			);
			defaultConfigurationIsVisible = 0;
			defaultConfigurationName = Release;
		};
		01BAFAD721B9027100205E29 /* Build configuration list for PBXNativeTarget "day06" */ = {
			isa = XCConfigurationList;
			buildConfigurations = (
				01BAFAD521B9027100205E29 /* Debug */,
				01BAFAD621B9027100205E29 /* Release */,
			);
			defaultConfigurationIsVisible = 0;
			defaultConfigurationName = Release;
		};
/* End XCConfigurationList section */
	};
	rootObject = 0168868921B26DD5009C0C4B /* Project object */;
}
